PODS:
  - GoogleInterchangeUtilities (1.2.2):
    - GoogleSymbolUtilities (~> 1.1)
  - GoogleNetworkingUtilities (1.2.2):
    - GoogleSymbolUtilities (~> 1.1)
  - GoogleSymbolUtilities (1.1.2)
  - GoogleUtilitiesLegacy (1.3.2):
    - GoogleSymbolUtilities (~> 1.1)
  - Kingfisher (5.13.0):
    - Kingfisher/Core (= 5.13.0)
  - Kingfisher/Core (5.13.0)
  - NearbyMessages (1.1.1):
    - GoogleInterchangeUtilities (~> 1.2)
    - GoogleNetworkingUtilities (~> 1.2)
    - GoogleSymbolUtilities (~> 1.1)
    - GoogleUtilitiesLegacy (~> 1.3)
  - ReSwift (5.0.0)
  - ReSwiftThunk (1.2.0):
    - ReSwift (~> 5.0)
    - ReSwiftThunk/Core (= 1.2.0)
  - ReSwiftThunk/Core (1.2.0):
    - ReSwift (~> 5.0)
  - SnapshotTesting (1.7.0)
  - SwiftLint (0.38.2)

DEPENDENCIES:
  - Kingfisher
  - NearbyMessages
  - ReSwift
  - ReSwiftThunk
  - SnapshotTesting (~> 1.0)
  - SwiftLint

SPEC REPOS:
  https://cdn.cocoapods.org/:
    - GoogleInterchangeUtilities
    - GoogleNetworkingUtilities
    - GoogleSymbolUtilities
    - GoogleUtilitiesLegacy
    - Kingfisher
    - NearbyMessages
    - ReSwift
    - ReSwiftThunk
    - SnapshotTesting
    - SwiftLint

SPEC CHECKSUMS:
  GoogleInterchangeUtilities: d5bc4d88d5b661ab72f9d70c58d02ca8c27ad1f7
  GoogleNetworkingUtilities: 3edd3a8161347494f2da60ea0deddc8a472d94cb
  GoogleSymbolUtilities: 631ee17048aa5e9ab133470d768ea997a5ef9b96
  GoogleUtilitiesLegacy: 5501bedec1646bd284286eb5fc9453f7e23a12f4
  Kingfisher: 0d334cada987fcddbe9b5cec516406e1ee9d4748
  NearbyMessages: bd9e88f2df7fbab78be58fed58580d5d5bd62cbf
  ReSwift: 628f1a9b3ee52e3b3ca2a644435472fd77afafe1
  ReSwiftThunk: 23c8ea9092d9dc94b72005f19352dbd37fa42533
  SnapshotTesting: 273b614fcc60fac7d9f613f6648afa91a7da36be
  SwiftLint: 8f5d2f903e1c9bcbc832fd16771e80a263ac6cbb

PODFILE CHECKSUM: 63c5347dc001ae7bf34c449280f27aa809ebce44

COCOAPODS: 1.8.4
