PODS:
  - GoogleInterchangeUtilities (1.2.2):
    - GoogleSymbolUtilities (~> 1.1)
  - GoogleNetworkingUtilities (1.2.2):
    - GoogleSymbolUtilities (~> 1.1)
  - GoogleSymbolUtilities (1.1.2)
  - GoogleUtilitiesLegacy (1.3.2):
    - GoogleSymbolUtilities (~> 1.1)
  - Kingfisher (4.10.0)
  - NearbyMessages (1.1.1):
    - GoogleInterchangeUtilities (~> 1.2)
    - GoogleNetworkingUtilities (~> 1.2)
    - GoogleSymbolUtilities (~> 1.1)
    - GoogleUtilitiesLegacy (~> 1.3)
  - SwiftLint (0.27.0)

DEPENDENCIES:
  - Kingfisher (~> 4.0)
  - NearbyMessages
  - SwiftLint

SPEC REPOS:
  https://github.com/cocoapods/specs.git:
    - GoogleInterchangeUtilities
    - GoogleNetworkingUtilities
    - GoogleSymbolUtilities
    - GoogleUtilitiesLegacy
    - Kingfisher
    - NearbyMessages
    - SwiftLint

SPEC CHECKSUMS:
  GoogleInterchangeUtilities: d5bc4d88d5b661ab72f9d70c58d02ca8c27ad1f7
  GoogleNetworkingUtilities: 3edd3a8161347494f2da60ea0deddc8a472d94cb
  GoogleSymbolUtilities: 631ee17048aa5e9ab133470d768ea997a5ef9b96
  GoogleUtilitiesLegacy: 5501bedec1646bd284286eb5fc9453f7e23a12f4
  Kingfisher: 43c4b802d8b5256cf1f4379e9cd10b329be6d3e2
  NearbyMessages: bd9e88f2df7fbab78be58fed58580d5d5bd62cbf
  SwiftLint: 3207c1faa2240bf8973b191820a116113cd11073

PODFILE CHECKSUM: 8381c476fc87fdfdc8ae6c229db8085cc8d0c937

COCOAPODS: 1.5.3
