PODS:
  - Kingfisher (5.13.0):
    - Kingfisher/Core (= 5.13.0)
  - Kingfisher/Core (5.13.0)
  - ReSwift (5.0.0)
  - ReSwiftThunk (1.2.0):
    - ReSwift (~> 5.0)
    - ReSwiftThunk/Core (= 1.2.0)
  - ReSwiftThunk/Core (1.2.0):
    - ReSwift (~> 5.0)
  - SnapshotTesting (1.7.0)
  - SwiftLint (0.38.2)

DEPENDENCIES:
  - Kingfisher
  - ReSwift
  - ReSwiftThunk
  - SnapshotTesting (~> 1.0)
  - SwiftLint

SPEC REPOS:
  https://cdn.cocoapods.org/:
    - Kingfisher
    - ReSwift
    - ReSwiftThunk
    - SnapshotTesting
    - SwiftLint

SPEC CHECKSUMS:
  Kingfisher: 0d334cada987fcddbe9b5cec516406e1ee9d4748
  ReSwift: 628f1a9b3ee52e3b3ca2a644435472fd77afafe1
  ReSwiftThunk: 23c8ea9092d9dc94b72005f19352dbd37fa42533
  SnapshotTesting: 273b614fcc60fac7d9f613f6648afa91a7da36be
  SwiftLint: 8f5d2f903e1c9bcbc832fd16771e80a263ac6cbb

PODFILE CHECKSUM: 355c7c0a89d3b36a619e3f8609c07fa6cfa48556

COCOAPODS: 1.8.4
