// !$*UTF8*$!
{
	archiveVersion = 1;
	classes = {
	};
	objectVersion = 48;
	objects = {

/* Begin PBXBuildFile section */
		3F0178F920CD26DC00600DB4 /* String+VariantFittingPresentationWidth.swift in Sources */ = {isa = PBXBuildFile; fileRef = 3F0178F820CD26DC00600DB4 /* String+VariantFittingPresentationWidth.swift */; };
		3F059D471FF3FA8B00D5576B /* Label.swift in Sources */ = {isa = PBXBuildFile; fileRef = 3F059D461FF3FA8B00D5576B /* Label.swift */; };
		3F1292F11FD7C90D00ED5593 /* MovieDetail.storyboard in Resources */ = {isa = PBXBuildFile; fileRef = 3F1292ED1FD7C90C00ED5593 /* MovieDetail.storyboard */; };
		3F1292F21FD7C90D00ED5593 /* Search.storyboard in Resources */ = {isa = PBXBuildFile; fileRef = 3F1292EF1FD7C90C00ED5593 /* Search.storyboard */; };
		3F1292FA1FD7CC1100ED5593 /* MovieListCell.swift in Sources */ = {isa = PBXBuildFile; fileRef = 3F1292F91FD7CC1100ED5593 /* MovieListCell.swift */; };
		3F1DA162209C64D900AC4D09 /* Settings.bundle in Resources */ = {isa = PBXBuildFile; fileRef = 3F1DA161209C64D900AC4D09 /* Settings.bundle */; };
		3F1DA165209DAE4500AC4D09 /* ContentBlock.swift in Sources */ = {isa = PBXBuildFile; fileRef = 3F1DA164209DAE4500AC4D09 /* ContentBlock.swift */; };
		3F1F29EA20B1C4AB00A9282B /* UITableView+GenericDequeue.swift in Sources */ = {isa = PBXBuildFile; fileRef = 3F1F29E920B1C4AB00A9282B /* UITableView+GenericDequeue.swift */; };
		3F21729920A6F92A0005D056 /* SeenMovieCellTests.swift in Sources */ = {isa = PBXBuildFile; fileRef = 3F21729820A6F92A0005D056 /* SeenMovieCellTests.swift */; };
		3F2408F5203CB88E00EB9141 /* ScreenshotsUITests.swift in Sources */ = {isa = PBXBuildFile; fileRef = 3F2408F4203CB88E00EB9141 /* ScreenshotsUITests.swift */; };
		3F2408FD203CB96000EB9141 /* SnapshotHelper.swift in Sources */ = {isa = PBXBuildFile; fileRef = 3F2408FC203CB96000EB9141 /* SnapshotHelper.swift */; };
		3F3BC2611FF40387000C7EC7 /* String+DateFormatter.swift in Sources */ = {isa = PBXBuildFile; fileRef = 3F3BC2601FF40387000C7EC7 /* String+DateFormatter.swift */; };
		3F449DC32073FA4E00C5F5B8 /* ImportMoviesViewController.swift in Sources */ = {isa = PBXBuildFile; fileRef = 3F449DC22073FA4E00C5F5B8 /* ImportMoviesViewController.swift */; };
		3F585B93203B59B7002F6E07 /* MovieNightViewControllerTests.swift in Sources */ = {isa = PBXBuildFile; fileRef = 3F585B92203B59B7002F6E07 /* MovieNightViewControllerTests.swift */; };
		3F585B95203B5A43002F6E07 /* MovieDetailViewControllerTests.swift in Sources */ = {isa = PBXBuildFile; fileRef = 3F585B94203B5A43002F6E07 /* MovieDetailViewControllerTests.swift */; };
		3F585B97203B5A58002F6E07 /* SettingsDetailViewControllerTests.swift in Sources */ = {isa = PBXBuildFile; fileRef = 3F585B96203B5A58002F6E07 /* SettingsDetailViewControllerTests.swift */; };
		3F5E0D8C20308FF700E091BE /* SettingsViewController.swift in Sources */ = {isa = PBXBuildFile; fileRef = 3F5E0D8B20308FF700E091BE /* SettingsViewController.swift */; };
		3F5E0D8F2030905B00E091BE /* SettingsCell.swift in Sources */ = {isa = PBXBuildFile; fileRef = 3F5E0D8E2030905B00E091BE /* SettingsCell.swift */; };
		3F5E0D91203090C300E091BE /* SettingItem.swift in Sources */ = {isa = PBXBuildFile; fileRef = 3F5E0D90203090C300E091BE /* SettingItem.swift */; };
		3F5E0D932030988E00E091BE /* TextViewType.swift in Sources */ = {isa = PBXBuildFile; fileRef = 3F5E0D922030988E00E091BE /* TextViewType.swift */; };
		3F61B2FB1FFAD680007A0557 /* MoviesList.storyboard in Resources */ = {isa = PBXBuildFile; fileRef = 3F61B2FD1FFAD680007A0557 /* MoviesList.storyboard */; };
		3F6C88792002B2C50052BF24 /* SettingsDetailViewController.swift in Sources */ = {isa = PBXBuildFile; fileRef = 3F6C88782002B2C50052BF24 /* SettingsDetailViewController.swift */; };
		3F6C887C2002B2FC0052BF24 /* Settings.storyboard in Resources */ = {isa = PBXBuildFile; fileRef = 3F6C887A2002B2FC0052BF24 /* Settings.storyboard */; };
		3F6C887E2002B5090052BF24 /* MovieNightViewController.swift in Sources */ = {isa = PBXBuildFile; fileRef = 3F6C887D2002B5090052BF24 /* MovieNightViewController.swift */; };
		3F6C88812002B5400052BF24 /* MovieNight.storyboard in Resources */ = {isa = PBXBuildFile; fileRef = 3F6C887F2002B5400052BF24 /* MovieNight.storyboard */; };
		3F71F685200292B700496E05 /* TextView.swift in Sources */ = {isa = PBXBuildFile; fileRef = 3F71F684200292B700496E05 /* TextView.swift */; };
		3F83BE781FF39DFC00E584E9 /* Instantiable.swift in Sources */ = {isa = PBXBuildFile; fileRef = 3F83BE771FF39DFC00E584E9 /* Instantiable.swift */; };
		3F83BE7A1FF39E1B00E584E9 /* Storyboard.swift in Sources */ = {isa = PBXBuildFile; fileRef = 3F83BE791FF39E1B00E584E9 /* Storyboard.swift */; };
		3F83BE801FF3AC3B00E584E9 /* CoreDataHelper.swift in Sources */ = {isa = PBXBuildFile; fileRef = 3F83BE7F1FF3AC3B00E584E9 /* CoreDataHelper.swift */; };
		3F83BE821FF3AE3700E584E9 /* MovieListCellTests.swift in Sources */ = {isa = PBXBuildFile; fileRef = 3F83BE811FF3AE3700E584E9 /* MovieListCellTests.swift */; };
		3F83BE8E1FF3B29100E584E9 /* SearchMoviesViewControllerTests.swift in Sources */ = {isa = PBXBuildFile; fileRef = 3F83BE8D1FF3B29100E584E9 /* SearchMoviesViewControllerTests.swift */; };
		3F83BE901FF3B29D00E584E9 /* SearchMoviesCellTests.swift in Sources */ = {isa = PBXBuildFile; fileRef = 3F83BE8F1FF3B29D00E584E9 /* SearchMoviesCellTests.swift */; };
		3F83BE981FF3BF7000E584E9 /* Segue.swift in Sources */ = {isa = PBXBuildFile; fileRef = 3F83BE971FF3BF7000E584E9 /* Segue.swift */; };
		3F8644A41FFA5FC20046114A /* MovieDetail.json in Resources */ = {isa = PBXBuildFile; fileRef = 3F83BE931FF3B4B800E584E9 /* MovieDetail.json */; };
		3F8644A51FFA5FC50046114A /* Movie.json in Resources */ = {isa = PBXBuildFile; fileRef = 3F83BE911FF3B49900E584E9 /* Movie.json */; };
		3F8644A91FFA69E70046114A /* MoviesViewController.swift in Sources */ = {isa = PBXBuildFile; fileRef = 3F8644A81FFA69E70046114A /* MoviesViewController.swift */; };
		3F8644AB1FFA72EE0046114A /* MoviesTabBarController.swift in Sources */ = {isa = PBXBuildFile; fileRef = 3F8644AA1FFA72EE0046114A /* MoviesTabBarController.swift */; };
		3F8644B11FFA95190046114A /* MoviesTabBarControllerTests.swift in Sources */ = {isa = PBXBuildFile; fileRef = 3F8644B01FFA95190046114A /* MoviesTabBarControllerTests.swift */; };
		3F8644B31FFA96370046114A /* MoviesViewControllerTests.swift in Sources */ = {isa = PBXBuildFile; fileRef = 3F8644B21FFA96370046114A /* MoviesViewControllerTests.swift */; };
		3F8C569C1FFACAFF00F09A82 /* MovieStorage.swift in Sources */ = {isa = PBXBuildFile; fileRef = 3F8C569B1FFACAFF00F09A82 /* MovieStorage.swift */; };
		3F8C569E1FFACB2600F09A82 /* MovieStorageTests.swift in Sources */ = {isa = PBXBuildFile; fileRef = 3F8C569D1FFACB2600F09A82 /* MovieStorageTests.swift */; };
		3F9806382055250F00B92A27 /* String+Cineaste.swift in Sources */ = {isa = PBXBuildFile; fileRef = 3F9806372055250F00B92A27 /* String+Cineaste.swift */; };
		3F98063A20554AE400B92A27 /* ShortcutIdentifier.swift in Sources */ = {isa = PBXBuildFile; fileRef = 3F98063920554AE300B92A27 /* ShortcutIdentifier.swift */; };
		3F98063D20556EA700B92A27 /* InfoPlist.strings in Resources */ = {isa = PBXBuildFile; fileRef = 3F98063F20556EA700B92A27 /* InfoPlist.strings */; };
		3FA808CF20027AF60036357B /* Button.swift in Sources */ = {isa = PBXBuildFile; fileRef = 3FA808CE20027AF60036357B /* Button.swift */; };
		3FA808D1200285590036357B /* View.swift in Sources */ = {isa = PBXBuildFile; fileRef = 3FA808D0200285590036357B /* View.swift */; };
		3FAA3BBA2082668900726DE2 /* Decimal+Formatter.swift in Sources */ = {isa = PBXBuildFile; fileRef = 3FAA3BB92082668900726DE2 /* Decimal+Formatter.swift */; };
		3FAA3BBC20826B1D00726DE2 /* Int16+Formatter.swift in Sources */ = {isa = PBXBuildFile; fileRef = 3FAA3BBB20826B1D00726DE2 /* Int16+Formatter.swift */; };
		3FAAD61A20A6E5EE001A19D2 /* SeenMovieCell.swift in Sources */ = {isa = PBXBuildFile; fileRef = 3FAAD61920A6E5EE001A19D2 /* SeenMovieCell.swift */; };
		3FBD8F921FF3FC5B00AD5F02 /* Date+Formatter.swift in Sources */ = {isa = PBXBuildFile; fileRef = 3FBD8F911FF3FC5B00AD5F02 /* Date+Formatter.swift */; };
		3FC8FCE0204C1E7300370A5B /* MovieDetailType.swift in Sources */ = {isa = PBXBuildFile; fileRef = 3FC8FCDF204C1E7300370A5B /* MovieDetailType.swift */; };
		3FC95B90207BF60700B44C84 /* OrangeNavigationController.swift in Sources */ = {isa = PBXBuildFile; fileRef = 3FC95B8F207BF60700B44C84 /* OrangeNavigationController.swift */; };
		3FCC71331FD747D600A47ADF /* FetchedResultsManager.swift in Sources */ = {isa = PBXBuildFile; fileRef = 3FCC71321FD747D600A47ADF /* FetchedResultsManager.swift */; };
		3FCC71371FD7536B00A47ADF /* FetchedResultsManagerDelegate.swift in Sources */ = {isa = PBXBuildFile; fileRef = 3FCC71361FD7536B00A47ADF /* FetchedResultsManagerDelegate.swift */; };
		3FD2F87D201E04AD003B880E /* MoviesViewController+SwipeAction.swift in Sources */ = {isa = PBXBuildFile; fileRef = 3FD2F87C201E04AD003B880E /* MoviesViewController+SwipeAction.swift */; };
		3FD4FF8320B74C6500538BA3 /* PosterViewController.swift in Sources */ = {isa = PBXBuildFile; fileRef = 3FD4FF8220B74C6500538BA3 /* PosterViewController.swift */; };
		3FD6AA7A20BA986900B72ABC /* Localizable.stringsdict in Resources */ = {isa = PBXBuildFile; fileRef = 3FD6AA7820BA986900B72ABC /* Localizable.stringsdict */; };
		3FD722CC20264B720046DEAC /* SearchMoviesViewController+UITableView.swift in Sources */ = {isa = PBXBuildFile; fileRef = 3FD722CB20264B720046DEAC /* SearchMoviesViewController+UITableView.swift */; };
		3FD722CE20264BF80046DEAC /* SearchMoviesViewController+Webservice.swift in Sources */ = {isa = PBXBuildFile; fileRef = 3FD722CD20264BF80046DEAC /* SearchMoviesViewController+Webservice.swift */; };
		3FD886461FF2C46400A86ACF /* Appearance.swift in Sources */ = {isa = PBXBuildFile; fileRef = 3FD886451FF2C46400A86ACF /* Appearance.swift */; };
		3FDB14542025B80F0063E980 /* AlertMessages.swift in Sources */ = {isa = PBXBuildFile; fileRef = 3FDB14532025B80F0063E980 /* AlertMessages.swift */; };
		3FE49554209DD33A006CD0D3 /* ImportExportObject.swift in Sources */ = {isa = PBXBuildFile; fileRef = 3FE49553209DD33A006CD0D3 /* ImportExportObject.swift */; };
		3FEF5C492030B28100EFCAA2 /* SettingsViewControllerTests.swift in Sources */ = {isa = PBXBuildFile; fileRef = 3FEF5C482030B28100EFCAA2 /* SettingsViewControllerTests.swift */; };
		3FEF5C4B2030B28D00EFCAA2 /* SettingsCellTests.swift in Sources */ = {isa = PBXBuildFile; fileRef = 3FEF5C4A2030B28D00EFCAA2 /* SettingsCellTests.swift */; };
		5EFA613CA434399B67B6CA7F /* libPods-CineasteTests.a in Frameworks */ = {isa = PBXBuildFile; fileRef = FA081A29AE61AE0233AEB16E /* libPods-CineasteTests.a */; };
		9526A70520448940004E08F7 /* MovieMatchViewController.swift in Sources */ = {isa = PBXBuildFile; fileRef = 9526A70420448940004E08F7 /* MovieMatchViewController.swift */; };
		9526A70720449206004E08F7 /* MovieMatchCell.swift in Sources */ = {isa = PBXBuildFile; fileRef = 9526A70620449206004E08F7 /* MovieMatchCell.swift */; };
		9528112E201D05AD00F3EC76 /* Result.swift in Sources */ = {isa = PBXBuildFile; fileRef = 9528112D201D05AD00F3EC76 /* Result.swift */; };
		95281130201D087800F3EC76 /* .swiftlint.yml in Resources */ = {isa = PBXBuildFile; fileRef = 9528112F201D087800F3EC76 /* .swiftlint.yml */; };
		953182F7203E17AF00A331A0 /* Config.swift in Sources */ = {isa = PBXBuildFile; fileRef = 953182F6203E17AF00A331A0 /* Config.swift */; };
		953182F9203E19A000A331A0 /* UserDefaultsManager.swift in Sources */ = {isa = PBXBuildFile; fileRef = 953182F8203E19A000A331A0 /* UserDefaultsManager.swift */; };
		953182FB203E212A00A331A0 /* MovieNightUserCell.swift in Sources */ = {isa = PBXBuildFile; fileRef = 953182FA203E212A00A331A0 /* MovieNightUserCell.swift */; };
		9552262D1FAFB5D300323982 /* StoredMovie.swift in Sources */ = {isa = PBXBuildFile; fileRef = 9552262C1FAFB5D300323982 /* StoredMovie.swift */; };
		955C1383203CCBA2009D8337 /* NearbyMessage.swift in Sources */ = {isa = PBXBuildFile; fileRef = 955C1382203CCBA2009D8337 /* NearbyMessage.swift */; };
		955C1385203CCF61009D8337 /* NearbyMovie.swift in Sources */ = {isa = PBXBuildFile; fileRef = 955C1384203CCF61009D8337 /* NearbyMovie.swift */; };
		9583289A1FBB81340084CF80 /* cineaste.xcassets in Resources */ = {isa = PBXBuildFile; fileRef = 958328991FBB81340084CF80 /* cineaste.xcassets */; };
		959E8B771FABC6F50004E8C3 /* SearchMoviesViewController.swift in Sources */ = {isa = PBXBuildFile; fileRef = 959E8B761FABC6F50004E8C3 /* SearchMoviesViewController.swift */; };
		959E8B791FABC99D0004E8C3 /* SearchMoviesCell.swift in Sources */ = {isa = PBXBuildFile; fileRef = 959E8B781FABC99D0004E8C3 /* SearchMoviesCell.swift */; };
		95AE25A01F9531E20067F5F5 /* AppDelegate.swift in Sources */ = {isa = PBXBuildFile; fileRef = 95AE259F1F9531E20067F5F5 /* AppDelegate.swift */; };
		95AE25A51F9531E20067F5F5 /* Main.storyboard in Resources */ = {isa = PBXBuildFile; fileRef = 95AE25A31F9531E20067F5F5 /* Main.storyboard */; };
		95AE25AA1F9531E20067F5F5 /* LaunchScreen.storyboard in Resources */ = {isa = PBXBuildFile; fileRef = 95AE25A81F9531E20067F5F5 /* LaunchScreen.storyboard */; };
		95B24EF51FADDB260070912A /* MovieDetailViewController.swift in Sources */ = {isa = PBXBuildFile; fileRef = 95B24EF41FADDB260070912A /* MovieDetailViewController.swift */; };
		95B5771A201E2C75007BD9F0 /* MovieListCategory.swift in Sources */ = {isa = PBXBuildFile; fileRef = 95B57719201E2C75007BD9F0 /* MovieListCategory.swift */; };
		95C679A22033773A0058FC8C /* UIImage+Cineaste.swift in Sources */ = {isa = PBXBuildFile; fileRef = 95C679A12033773A0058FC8C /* UIImage+Cineaste.swift */; };
		95D32F611F9AA20100497ED2 /* apikey.plist in Resources */ = {isa = PBXBuildFile; fileRef = 95D32F601F9AA20100497ED2 /* apikey.plist */; };
		95D32F641F9AA2EA00497ED2 /* ApiKeyStore.swift in Sources */ = {isa = PBXBuildFile; fileRef = 95D32F631F9AA2EA00497ED2 /* ApiKeyStore.swift */; };
		95DC32051F97E1300014E3EA /* Model.xcdatamodeld in Sources */ = {isa = PBXBuildFile; fileRef = 95DC32031F97E1300014E3EA /* Model.xcdatamodeld */; };
		95DC320D1F97E5150014E3EA /* Movie.swift in Sources */ = {isa = PBXBuildFile; fileRef = 95DC320C1F97E5150014E3EA /* Movie.swift */; };
		95EFA4AE1FA13878004F1F94 /* Webservice.swift in Sources */ = {isa = PBXBuildFile; fileRef = 95EFA4AD1FA13878004F1F94 /* Webservice.swift */; };
		95EFA4B01FA13AAA004F1F94 /* Resource.swift in Sources */ = {isa = PBXBuildFile; fileRef = 95EFA4AF1FA13AAA004F1F94 /* Resource.swift */; };
		95F0DBC91F9D2CF9004681C7 /* PagedMovieResult.swift in Sources */ = {isa = PBXBuildFile; fileRef = 95F0DBC81F9D2CF9004681C7 /* PagedMovieResult.swift */; };
		AB857B8A247D34396C61B790 /* libPods-Cineaste.a in Frameworks */ = {isa = PBXBuildFile; fileRef = 73F209C17204435966B20FD4 /* libPods-Cineaste.a */; };
/* End PBXBuildFile section */

/* Begin PBXContainerItemProxy section */
		3F2408F7203CB88E00EB9141 /* PBXContainerItemProxy */ = {
			isa = PBXContainerItemProxy;
			containerPortal = 95AE25941F9531E20067F5F5 /* Project object */;
			proxyType = 1;
			remoteGlobalIDString = 95AE259B1F9531E20067F5F5;
			remoteInfo = Cineaste;
		};
		95AE25B11F9531E20067F5F5 /* PBXContainerItemProxy */ = {
			isa = PBXContainerItemProxy;
			containerPortal = 95AE25941F9531E20067F5F5 /* Project object */;
			proxyType = 1;
			remoteGlobalIDString = 95AE259B1F9531E20067F5F5;
			remoteInfo = Cineaste;
		};
/* End PBXContainerItemProxy section */

/* Begin PBXFileReference section */
		10EC925C48CF013D296C7E00 /* Pods-Cineaste.debug.xcconfig */ = {isa = PBXFileReference; includeInIndex = 1; lastKnownFileType = text.xcconfig; name = "Pods-Cineaste.debug.xcconfig"; path = "Pods/Target Support Files/Pods-Cineaste/Pods-Cineaste.debug.xcconfig"; sourceTree = "<group>"; };
		3F0178F820CD26DC00600DB4 /* String+VariantFittingPresentationWidth.swift */ = {isa = PBXFileReference; lastKnownFileType = sourcecode.swift; path = "String+VariantFittingPresentationWidth.swift"; sourceTree = "<group>"; };
		3F059D461FF3FA8B00D5576B /* Label.swift */ = {isa = PBXFileReference; lastKnownFileType = sourcecode.swift; path = Label.swift; sourceTree = "<group>"; };
		3F1292EE1FD7C90C00ED5593 /* Base */ = {isa = PBXFileReference; lastKnownFileType = file.storyboard; name = Base; path = Base.lproj/MovieDetail.storyboard; sourceTree = "<group>"; };
		3F1292F01FD7C90C00ED5593 /* Base */ = {isa = PBXFileReference; lastKnownFileType = file.storyboard; name = Base; path = Base.lproj/Search.storyboard; sourceTree = "<group>"; };
		3F1292F41FD7C98400ED5593 /* en */ = {isa = PBXFileReference; lastKnownFileType = text.plist.strings; name = en; path = en.lproj/Search.strings; sourceTree = "<group>"; };
		3F1292F61FD7C98800ED5593 /* en */ = {isa = PBXFileReference; lastKnownFileType = text.plist.strings; name = en; path = en.lproj/MovieDetail.strings; sourceTree = "<group>"; };
		3F1292F81FD7C9AA00ED5593 /* en */ = {isa = PBXFileReference; lastKnownFileType = text.plist.strings; name = en; path = en.lproj/Main.strings; sourceTree = "<group>"; };
		3F1292F91FD7CC1100ED5593 /* MovieListCell.swift */ = {isa = PBXFileReference; lastKnownFileType = sourcecode.swift; path = MovieListCell.swift; sourceTree = "<group>"; };
		3F1DA161209C64D900AC4D09 /* Settings.bundle */ = {isa = PBXFileReference; lastKnownFileType = "wrapper.plug-in"; path = Settings.bundle; sourceTree = "<group>"; };
		3F1DA164209DAE4500AC4D09 /* ContentBlock.swift */ = {isa = PBXFileReference; lastKnownFileType = sourcecode.swift; path = ContentBlock.swift; sourceTree = "<group>"; };
		3F1F29E920B1C4AB00A9282B /* UITableView+GenericDequeue.swift */ = {isa = PBXFileReference; lastKnownFileType = sourcecode.swift; path = "UITableView+GenericDequeue.swift"; sourceTree = "<group>"; };
		3F21729820A6F92A0005D056 /* SeenMovieCellTests.swift */ = {isa = PBXFileReference; lastKnownFileType = sourcecode.swift; path = SeenMovieCellTests.swift; sourceTree = "<group>"; };
		3F2408F2203CB88E00EB9141 /* CineasteUITests.xctest */ = {isa = PBXFileReference; explicitFileType = wrapper.cfbundle; includeInIndex = 0; path = CineasteUITests.xctest; sourceTree = BUILT_PRODUCTS_DIR; };
		3F2408F4203CB88E00EB9141 /* ScreenshotsUITests.swift */ = {isa = PBXFileReference; lastKnownFileType = sourcecode.swift; path = ScreenshotsUITests.swift; sourceTree = "<group>"; };
		3F2408F6203CB88E00EB9141 /* Info.plist */ = {isa = PBXFileReference; lastKnownFileType = text.plist.xml; path = Info.plist; sourceTree = "<group>"; };
		3F2408FC203CB96000EB9141 /* SnapshotHelper.swift */ = {isa = PBXFileReference; fileEncoding = 4; lastKnownFileType = sourcecode.swift; path = SnapshotHelper.swift; sourceTree = "<group>"; };
		3F3BC2601FF40387000C7EC7 /* String+DateFormatter.swift */ = {isa = PBXFileReference; lastKnownFileType = sourcecode.swift; path = "String+DateFormatter.swift"; sourceTree = "<group>"; };
		3F449DC22073FA4E00C5F5B8 /* ImportMoviesViewController.swift */ = {isa = PBXFileReference; lastKnownFileType = sourcecode.swift; path = ImportMoviesViewController.swift; sourceTree = "<group>"; };
		3F585B92203B59B7002F6E07 /* MovieNightViewControllerTests.swift */ = {isa = PBXFileReference; lastKnownFileType = sourcecode.swift; path = MovieNightViewControllerTests.swift; sourceTree = "<group>"; };
		3F585B94203B5A43002F6E07 /* MovieDetailViewControllerTests.swift */ = {isa = PBXFileReference; lastKnownFileType = sourcecode.swift; path = MovieDetailViewControllerTests.swift; sourceTree = "<group>"; };
		3F585B96203B5A58002F6E07 /* SettingsDetailViewControllerTests.swift */ = {isa = PBXFileReference; lastKnownFileType = sourcecode.swift; path = SettingsDetailViewControllerTests.swift; sourceTree = "<group>"; };
		3F5E0D8B20308FF700E091BE /* SettingsViewController.swift */ = {isa = PBXFileReference; lastKnownFileType = sourcecode.swift; path = SettingsViewController.swift; sourceTree = "<group>"; };
		3F5E0D8E2030905B00E091BE /* SettingsCell.swift */ = {isa = PBXFileReference; lastKnownFileType = sourcecode.swift; path = SettingsCell.swift; sourceTree = "<group>"; };
		3F5E0D90203090C300E091BE /* SettingItem.swift */ = {isa = PBXFileReference; lastKnownFileType = sourcecode.swift; path = SettingItem.swift; sourceTree = "<group>"; };
		3F5E0D922030988E00E091BE /* TextViewType.swift */ = {isa = PBXFileReference; lastKnownFileType = sourcecode.swift; path = TextViewType.swift; sourceTree = "<group>"; };
		3F61B2FC1FFAD680007A0557 /* Base */ = {isa = PBXFileReference; lastKnownFileType = file.storyboard; name = Base; path = Base.lproj/MoviesList.storyboard; sourceTree = "<group>"; };
		3F61B2FF1FFAD683007A0557 /* en */ = {isa = PBXFileReference; lastKnownFileType = text.plist.strings; name = en; path = en.lproj/MoviesList.strings; sourceTree = "<group>"; };
		3F6C88782002B2C50052BF24 /* SettingsDetailViewController.swift */ = {isa = PBXFileReference; lastKnownFileType = sourcecode.swift; path = SettingsDetailViewController.swift; sourceTree = "<group>"; };
		3F6C887B2002B2FC0052BF24 /* Base */ = {isa = PBXFileReference; lastKnownFileType = file.storyboard; name = Base; path = Base.lproj/Settings.storyboard; sourceTree = "<group>"; };
		3F6C887D2002B5090052BF24 /* MovieNightViewController.swift */ = {isa = PBXFileReference; lastKnownFileType = sourcecode.swift; path = MovieNightViewController.swift; sourceTree = "<group>"; };
		3F6C88802002B5400052BF24 /* Base */ = {isa = PBXFileReference; lastKnownFileType = file.storyboard; name = Base; path = Base.lproj/MovieNight.storyboard; sourceTree = "<group>"; };
		3F71F684200292B700496E05 /* TextView.swift */ = {isa = PBXFileReference; lastKnownFileType = sourcecode.swift; path = TextView.swift; sourceTree = "<group>"; };
		3F83BE771FF39DFC00E584E9 /* Instantiable.swift */ = {isa = PBXFileReference; lastKnownFileType = sourcecode.swift; path = Instantiable.swift; sourceTree = "<group>"; };
		3F83BE791FF39E1B00E584E9 /* Storyboard.swift */ = {isa = PBXFileReference; lastKnownFileType = sourcecode.swift; path = Storyboard.swift; sourceTree = "<group>"; };
		3F83BE7F1FF3AC3B00E584E9 /* CoreDataHelper.swift */ = {isa = PBXFileReference; lastKnownFileType = sourcecode.swift; path = CoreDataHelper.swift; sourceTree = "<group>"; };
		3F83BE811FF3AE3700E584E9 /* MovieListCellTests.swift */ = {isa = PBXFileReference; lastKnownFileType = sourcecode.swift; path = MovieListCellTests.swift; sourceTree = "<group>"; };
		3F83BE8D1FF3B29100E584E9 /* SearchMoviesViewControllerTests.swift */ = {isa = PBXFileReference; lastKnownFileType = sourcecode.swift; path = SearchMoviesViewControllerTests.swift; sourceTree = "<group>"; };
		3F83BE8F1FF3B29D00E584E9 /* SearchMoviesCellTests.swift */ = {isa = PBXFileReference; lastKnownFileType = sourcecode.swift; path = SearchMoviesCellTests.swift; sourceTree = "<group>"; };
		3F83BE911FF3B49900E584E9 /* Movie.json */ = {isa = PBXFileReference; lastKnownFileType = text.json; path = Movie.json; sourceTree = "<group>"; };
		3F83BE931FF3B4B800E584E9 /* MovieDetail.json */ = {isa = PBXFileReference; lastKnownFileType = text.json; path = MovieDetail.json; sourceTree = "<group>"; };
		3F83BE971FF3BF7000E584E9 /* Segue.swift */ = {isa = PBXFileReference; lastKnownFileType = sourcecode.swift; path = Segue.swift; sourceTree = "<group>"; };
		3F8644A81FFA69E70046114A /* MoviesViewController.swift */ = {isa = PBXFileReference; lastKnownFileType = sourcecode.swift; path = MoviesViewController.swift; sourceTree = "<group>"; };
		3F8644AA1FFA72EE0046114A /* MoviesTabBarController.swift */ = {isa = PBXFileReference; lastKnownFileType = sourcecode.swift; path = MoviesTabBarController.swift; sourceTree = "<group>"; };
		3F8644B01FFA95190046114A /* MoviesTabBarControllerTests.swift */ = {isa = PBXFileReference; lastKnownFileType = sourcecode.swift; path = MoviesTabBarControllerTests.swift; sourceTree = "<group>"; };
		3F8644B21FFA96370046114A /* MoviesViewControllerTests.swift */ = {isa = PBXFileReference; lastKnownFileType = sourcecode.swift; path = MoviesViewControllerTests.swift; sourceTree = "<group>"; };
		3F8C569B1FFACAFF00F09A82 /* MovieStorage.swift */ = {isa = PBXFileReference; lastKnownFileType = sourcecode.swift; path = MovieStorage.swift; sourceTree = "<group>"; };
		3F8C569D1FFACB2600F09A82 /* MovieStorageTests.swift */ = {isa = PBXFileReference; lastKnownFileType = sourcecode.swift; path = MovieStorageTests.swift; sourceTree = "<group>"; };
		3F9806372055250F00B92A27 /* String+Cineaste.swift */ = {isa = PBXFileReference; lastKnownFileType = sourcecode.swift; path = "String+Cineaste.swift"; sourceTree = "<group>"; };
		3F98063920554AE300B92A27 /* ShortcutIdentifier.swift */ = {isa = PBXFileReference; lastKnownFileType = sourcecode.swift; path = ShortcutIdentifier.swift; sourceTree = "<group>"; };
		3F98063E20556EA700B92A27 /* en */ = {isa = PBXFileReference; lastKnownFileType = text.plist.strings; name = en; path = en.lproj/InfoPlist.strings; sourceTree = "<group>"; };
		3FA808CE20027AF60036357B /* Button.swift */ = {isa = PBXFileReference; lastKnownFileType = sourcecode.swift; path = Button.swift; sourceTree = "<group>"; };
		3FA808D0200285590036357B /* View.swift */ = {isa = PBXFileReference; lastKnownFileType = sourcecode.swift; path = View.swift; sourceTree = "<group>"; };
		3FAA3BB92082668900726DE2 /* Decimal+Formatter.swift */ = {isa = PBXFileReference; lastKnownFileType = sourcecode.swift; path = "Decimal+Formatter.swift"; sourceTree = "<group>"; };
		3FAA3BBB20826B1D00726DE2 /* Int16+Formatter.swift */ = {isa = PBXFileReference; lastKnownFileType = sourcecode.swift; path = "Int16+Formatter.swift"; sourceTree = "<group>"; };
		3FAAD61920A6E5EE001A19D2 /* SeenMovieCell.swift */ = {isa = PBXFileReference; lastKnownFileType = sourcecode.swift; path = SeenMovieCell.swift; sourceTree = "<group>"; };
		3FBD8F911FF3FC5B00AD5F02 /* Date+Formatter.swift */ = {isa = PBXFileReference; lastKnownFileType = sourcecode.swift; name = "Date+Formatter.swift"; path = "Cineaste/Extension/Date+Formatter.swift"; sourceTree = SOURCE_ROOT; };
		3FC8FCDF204C1E7300370A5B /* MovieDetailType.swift */ = {isa = PBXFileReference; lastKnownFileType = sourcecode.swift; path = MovieDetailType.swift; sourceTree = "<group>"; };
		3FC95B8F207BF60700B44C84 /* OrangeNavigationController.swift */ = {isa = PBXFileReference; lastKnownFileType = sourcecode.swift; path = OrangeNavigationController.swift; sourceTree = "<group>"; };
		3FCC71321FD747D600A47ADF /* FetchedResultsManager.swift */ = {isa = PBXFileReference; lastKnownFileType = sourcecode.swift; path = FetchedResultsManager.swift; sourceTree = "<group>"; };
		3FCC71361FD7536B00A47ADF /* FetchedResultsManagerDelegate.swift */ = {isa = PBXFileReference; lastKnownFileType = sourcecode.swift; path = FetchedResultsManagerDelegate.swift; sourceTree = "<group>"; };
		3FD2F87C201E04AD003B880E /* MoviesViewController+SwipeAction.swift */ = {isa = PBXFileReference; lastKnownFileType = sourcecode.swift; path = "MoviesViewController+SwipeAction.swift"; sourceTree = "<group>"; };
		3FD37A4D2083714400D683E0 /* Base */ = {isa = PBXFileReference; lastKnownFileType = text.plist.strings; name = Base; path = Base.lproj/InfoPlist.strings; sourceTree = "<group>"; };
		3FD37A4E2083715C00D683E0 /* de */ = {isa = PBXFileReference; lastKnownFileType = text.plist.strings; name = de; path = de.lproj/InfoPlist.strings; sourceTree = "<group>"; };
		3FD4FF8220B74C6500538BA3 /* PosterViewController.swift */ = {isa = PBXFileReference; lastKnownFileType = sourcecode.swift; path = PosterViewController.swift; sourceTree = "<group>"; };
		3FD6AA7920BA986900B72ABC /* de */ = {isa = PBXFileReference; lastKnownFileType = text.plist.stringsdict; name = de; path = de.lproj/Localizable.stringsdict; sourceTree = "<group>"; };
		3FD722CB20264B720046DEAC /* SearchMoviesViewController+UITableView.swift */ = {isa = PBXFileReference; lastKnownFileType = sourcecode.swift; path = "SearchMoviesViewController+UITableView.swift"; sourceTree = "<group>"; };
		3FD722CD20264BF80046DEAC /* SearchMoviesViewController+Webservice.swift */ = {isa = PBXFileReference; lastKnownFileType = sourcecode.swift; path = "SearchMoviesViewController+Webservice.swift"; sourceTree = "<group>"; };
		3FD886451FF2C46400A86ACF /* Appearance.swift */ = {isa = PBXFileReference; lastKnownFileType = sourcecode.swift; path = Appearance.swift; sourceTree = "<group>"; };
		3FDB14532025B80F0063E980 /* AlertMessages.swift */ = {isa = PBXFileReference; lastKnownFileType = sourcecode.swift; path = AlertMessages.swift; sourceTree = "<group>"; };
		3FE49553209DD33A006CD0D3 /* ImportExportObject.swift */ = {isa = PBXFileReference; lastKnownFileType = sourcecode.swift; path = ImportExportObject.swift; sourceTree = "<group>"; };
		3FEF5C482030B28100EFCAA2 /* SettingsViewControllerTests.swift */ = {isa = PBXFileReference; lastKnownFileType = sourcecode.swift; path = SettingsViewControllerTests.swift; sourceTree = "<group>"; };
		3FEF5C4A2030B28D00EFCAA2 /* SettingsCellTests.swift */ = {isa = PBXFileReference; lastKnownFileType = sourcecode.swift; path = SettingsCellTests.swift; sourceTree = "<group>"; };
		5A281C9054D31DC026F344BE /* Pods-CineasteTests.release.xcconfig */ = {isa = PBXFileReference; includeInIndex = 1; lastKnownFileType = text.xcconfig; name = "Pods-CineasteTests.release.xcconfig"; path = "Pods/Target Support Files/Pods-CineasteTests/Pods-CineasteTests.release.xcconfig"; sourceTree = "<group>"; };
		5C51DCF4A8787AB51D732791 /* Pods-CineasteTests.debug.xcconfig */ = {isa = PBXFileReference; includeInIndex = 1; lastKnownFileType = text.xcconfig; name = "Pods-CineasteTests.debug.xcconfig"; path = "Pods/Target Support Files/Pods-CineasteTests/Pods-CineasteTests.debug.xcconfig"; sourceTree = "<group>"; };
		73F209C17204435966B20FD4 /* libPods-Cineaste.a */ = {isa = PBXFileReference; explicitFileType = archive.ar; includeInIndex = 0; path = "libPods-Cineaste.a"; sourceTree = BUILT_PRODUCTS_DIR; };
		951D86D12034B71F00BDD1D0 /* Cineaste-Bridging-Header.h */ = {isa = PBXFileReference; lastKnownFileType = sourcecode.c.h; path = "Cineaste-Bridging-Header.h"; sourceTree = "<group>"; };
		9526A70420448940004E08F7 /* MovieMatchViewController.swift */ = {isa = PBXFileReference; lastKnownFileType = sourcecode.swift; path = MovieMatchViewController.swift; sourceTree = "<group>"; };
		9526A70620449206004E08F7 /* MovieMatchCell.swift */ = {isa = PBXFileReference; lastKnownFileType = sourcecode.swift; path = MovieMatchCell.swift; sourceTree = "<group>"; };
		9528112D201D05AD00F3EC76 /* Result.swift */ = {isa = PBXFileReference; lastKnownFileType = sourcecode.swift; path = Result.swift; sourceTree = "<group>"; };
		9528112F201D087800F3EC76 /* .swiftlint.yml */ = {isa = PBXFileReference; fileEncoding = 4; lastKnownFileType = text; path = .swiftlint.yml; sourceTree = SOURCE_ROOT; };
		953182F6203E17AF00A331A0 /* Config.swift */ = {isa = PBXFileReference; lastKnownFileType = sourcecode.swift; path = Config.swift; sourceTree = "<group>"; };
		953182F8203E19A000A331A0 /* UserDefaultsManager.swift */ = {isa = PBXFileReference; lastKnownFileType = sourcecode.swift; path = UserDefaultsManager.swift; sourceTree = "<group>"; };
		953182FA203E212A00A331A0 /* MovieNightUserCell.swift */ = {isa = PBXFileReference; lastKnownFileType = sourcecode.swift; path = MovieNightUserCell.swift; sourceTree = "<group>"; };
		9552262C1FAFB5D300323982 /* StoredMovie.swift */ = {isa = PBXFileReference; lastKnownFileType = sourcecode.swift; path = StoredMovie.swift; sourceTree = "<group>"; };
		955C1382203CCBA2009D8337 /* NearbyMessage.swift */ = {isa = PBXFileReference; lastKnownFileType = sourcecode.swift; path = NearbyMessage.swift; sourceTree = "<group>"; };
		955C1384203CCF61009D8337 /* NearbyMovie.swift */ = {isa = PBXFileReference; lastKnownFileType = sourcecode.swift; path = NearbyMovie.swift; sourceTree = "<group>"; };
		958328991FBB81340084CF80 /* cineaste.xcassets */ = {isa = PBXFileReference; lastKnownFileType = folder.assetcatalog; path = cineaste.xcassets; sourceTree = "<group>"; };
		959E8B761FABC6F50004E8C3 /* SearchMoviesViewController.swift */ = {isa = PBXFileReference; lastKnownFileType = sourcecode.swift; path = SearchMoviesViewController.swift; sourceTree = "<group>"; };
		959E8B781FABC99D0004E8C3 /* SearchMoviesCell.swift */ = {isa = PBXFileReference; lastKnownFileType = sourcecode.swift; path = SearchMoviesCell.swift; sourceTree = "<group>"; };
		95AE259C1F9531E20067F5F5 /* Cineaste.app */ = {isa = PBXFileReference; explicitFileType = wrapper.application; includeInIndex = 0; path = Cineaste.app; sourceTree = BUILT_PRODUCTS_DIR; };
		95AE259F1F9531E20067F5F5 /* AppDelegate.swift */ = {isa = PBXFileReference; lastKnownFileType = sourcecode.swift; path = AppDelegate.swift; sourceTree = "<group>"; };
		95AE25A41F9531E20067F5F5 /* Base */ = {isa = PBXFileReference; lastKnownFileType = file.storyboard; name = Base; path = Base.lproj/Main.storyboard; sourceTree = "<group>"; };
		95AE25A91F9531E20067F5F5 /* Base */ = {isa = PBXFileReference; lastKnownFileType = file.storyboard; name = Base; path = Base.lproj/LaunchScreen.storyboard; sourceTree = "<group>"; };
		95AE25AB1F9531E20067F5F5 /* Info.plist */ = {isa = PBXFileReference; lastKnownFileType = text.plist.xml; path = Info.plist; sourceTree = "<group>"; };
		95AE25B01F9531E20067F5F5 /* CineasteTests.xctest */ = {isa = PBXFileReference; explicitFileType = wrapper.cfbundle; includeInIndex = 0; path = CineasteTests.xctest; sourceTree = BUILT_PRODUCTS_DIR; };
		95AE25B61F9531E20067F5F5 /* Info.plist */ = {isa = PBXFileReference; lastKnownFileType = text.plist.xml; path = Info.plist; sourceTree = "<group>"; };
		95B24EF41FADDB260070912A /* MovieDetailViewController.swift */ = {isa = PBXFileReference; lastKnownFileType = sourcecode.swift; path = MovieDetailViewController.swift; sourceTree = "<group>"; };
		95B57719201E2C75007BD9F0 /* MovieListCategory.swift */ = {isa = PBXFileReference; lastKnownFileType = sourcecode.swift; path = MovieListCategory.swift; sourceTree = "<group>"; };
		95C679A12033773A0058FC8C /* UIImage+Cineaste.swift */ = {isa = PBXFileReference; lastKnownFileType = sourcecode.swift; path = "UIImage+Cineaste.swift"; sourceTree = "<group>"; };
		95D32F601F9AA20100497ED2 /* apikey.plist */ = {isa = PBXFileReference; lastKnownFileType = text.plist.xml; path = apikey.plist; sourceTree = "<group>"; };
		95D32F631F9AA2EA00497ED2 /* ApiKeyStore.swift */ = {isa = PBXFileReference; lastKnownFileType = sourcecode.swift; path = ApiKeyStore.swift; sourceTree = "<group>"; };
		95DC32041F97E1300014E3EA /* Movie.xcdatamodel */ = {isa = PBXFileReference; lastKnownFileType = wrapper.xcdatamodel; path = Movie.xcdatamodel; sourceTree = "<group>"; };
		95DC320C1F97E5150014E3EA /* Movie.swift */ = {isa = PBXFileReference; lastKnownFileType = sourcecode.swift; path = Movie.swift; sourceTree = "<group>"; };
		95EFA4AD1FA13878004F1F94 /* Webservice.swift */ = {isa = PBXFileReference; lastKnownFileType = sourcecode.swift; path = Webservice.swift; sourceTree = "<group>"; };
		95EFA4AF1FA13AAA004F1F94 /* Resource.swift */ = {isa = PBXFileReference; lastKnownFileType = sourcecode.swift; path = Resource.swift; sourceTree = "<group>"; };
		95F0DBC81F9D2CF9004681C7 /* PagedMovieResult.swift */ = {isa = PBXFileReference; lastKnownFileType = sourcecode.swift; path = PagedMovieResult.swift; sourceTree = "<group>"; };
		BB99519CA7DCBFF993793716 /* Pods-Cineaste.release.xcconfig */ = {isa = PBXFileReference; includeInIndex = 1; lastKnownFileType = text.xcconfig; name = "Pods-Cineaste.release.xcconfig"; path = "Pods/Target Support Files/Pods-Cineaste/Pods-Cineaste.release.xcconfig"; sourceTree = "<group>"; };
		FA081A29AE61AE0233AEB16E /* libPods-CineasteTests.a */ = {isa = PBXFileReference; explicitFileType = archive.ar; includeInIndex = 0; path = "libPods-CineasteTests.a"; sourceTree = BUILT_PRODUCTS_DIR; };
/* End PBXFileReference section */

/* Begin PBXFrameworksBuildPhase section */
		3F2408EF203CB88E00EB9141 /* Frameworks */ = {
			isa = PBXFrameworksBuildPhase;
			buildActionMask = 2147483647;
			files = (
			);
			runOnlyForDeploymentPostprocessing = 0;
		};
		95AE25991F9531E20067F5F5 /* Frameworks */ = {
			isa = PBXFrameworksBuildPhase;
			buildActionMask = 2147483647;
			files = (
				AB857B8A247D34396C61B790 /* libPods-Cineaste.a in Frameworks */,
			);
			runOnlyForDeploymentPostprocessing = 0;
		};
		95AE25AD1F9531E20067F5F5 /* Frameworks */ = {
			isa = PBXFrameworksBuildPhase;
			buildActionMask = 2147483647;
			files = (
				5EFA613CA434399B67B6CA7F /* libPods-CineasteTests.a in Frameworks */,
			);
			runOnlyForDeploymentPostprocessing = 0;
		};
/* End PBXFrameworksBuildPhase section */

/* Begin PBXGroup section */
		26AA56BA37588A32E46B6EC3 /* Pods */ = {
			isa = PBXGroup;
			children = (
				10EC925C48CF013D296C7E00 /* Pods-Cineaste.debug.xcconfig */,
				BB99519CA7DCBFF993793716 /* Pods-Cineaste.release.xcconfig */,
				5C51DCF4A8787AB51D732791 /* Pods-CineasteTests.debug.xcconfig */,
				5A281C9054D31DC026F344BE /* Pods-CineasteTests.release.xcconfig */,
			);
			name = Pods;
			sourceTree = "<group>";
		};
		3F059D481FF3FA9C00D5576B /* Custom UI */ = {
			isa = PBXGroup;
			children = (
				3FD886451FF2C46400A86ACF /* Appearance.swift */,
				3F059D461FF3FA8B00D5576B /* Label.swift */,
				3FA808CE20027AF60036357B /* Button.swift */,
				3FA808D0200285590036357B /* View.swift */,
				3F71F684200292B700496E05 /* TextView.swift */,
				3FC95B8F207BF60700B44C84 /* OrangeNavigationController.swift */,
			);
			path = "Custom UI";
			sourceTree = "<group>";
		};
		3F2408F3203CB88E00EB9141 /* CineasteUITests */ = {
			isa = PBXGroup;
			children = (
				3F2408FC203CB96000EB9141 /* SnapshotHelper.swift */,
				3F2408F4203CB88E00EB9141 /* ScreenshotsUITests.swift */,
				3F2408F6203CB88E00EB9141 /* Info.plist */,
			);
			path = CineasteUITests;
			sourceTree = "<group>";
		};
		3F39D5DF20833DD400B29F48 /* Helper */ = {
			isa = PBXGroup;
			children = (
				3F83BE911FF3B49900E584E9 /* Movie.json */,
				3F83BE931FF3B4B800E584E9 /* MovieDetail.json */,
				3F83BE7F1FF3AC3B00E584E9 /* CoreDataHelper.swift */,
			);
			path = Helper;
			sourceTree = "<group>";
		};
		3F5E0D8D2030900200E091BE /* Settings */ = {
			isa = PBXGroup;
			children = (
				3F5E0D8B20308FF700E091BE /* SettingsViewController.swift */,
				3F5E0D8E2030905B00E091BE /* SettingsCell.swift */,
				3F6C88782002B2C50052BF24 /* SettingsDetailViewController.swift */,
				3F449DC22073FA4E00C5F5B8 /* ImportMoviesViewController.swift */,
			);
			path = Settings;
			sourceTree = "<group>";
		};
		3F8644AC1FFA8F590046114A /* CoreDataHelper */ = {
			isa = PBXGroup;
			children = (
				3FCC71321FD747D600A47ADF /* FetchedResultsManager.swift */,
				3FCC71361FD7536B00A47ADF /* FetchedResultsManagerDelegate.swift */,
				3F8C569B1FFACAFF00F09A82 /* MovieStorage.swift */,
			);
			path = CoreDataHelper;
			sourceTree = "<group>";
		};
		3FBD8F931FF3FC6400AD5F02 /* Extension */ = {
			isa = PBXGroup;
			children = (
				3FBD8F911FF3FC5B00AD5F02 /* Date+Formatter.swift */,
				3F3BC2601FF40387000C7EC7 /* String+DateFormatter.swift */,
				3FAA3BB92082668900726DE2 /* Decimal+Formatter.swift */,
				3FAA3BBB20826B1D00726DE2 /* Int16+Formatter.swift */,
				3F1F29E920B1C4AB00A9282B /* UITableView+GenericDequeue.swift */,
				95C679A12033773A0058FC8C /* UIImage+Cineaste.swift */,
				3F9806372055250F00B92A27 /* String+Cineaste.swift */,
				3F0178F820CD26DC00600DB4 /* String+VariantFittingPresentationWidth.swift */,
			);
			path = Extension;
			sourceTree = "<group>";
		};
		953182F3203E161700A331A0 /* MovieNight */ = {
			isa = PBXGroup;
			children = (
				3F6C887D2002B5090052BF24 /* MovieNightViewController.swift */,
				953182FA203E212A00A331A0 /* MovieNightUserCell.swift */,
				9526A70420448940004E08F7 /* MovieMatchViewController.swift */,
				9526A70620449206004E08F7 /* MovieMatchCell.swift */,
			);
			path = MovieNight;
			sourceTree = "<group>";
		};
		959E8B741FABC6CD0004E8C3 /* MyMovies */ = {
			isa = PBXGroup;
			children = (
				3F8644A81FFA69E70046114A /* MoviesViewController.swift */,
				3FD2F87C201E04AD003B880E /* MoviesViewController+SwipeAction.swift */,
				3F1292F91FD7CC1100ED5593 /* MovieListCell.swift */,
				3FAAD61920A6E5EE001A19D2 /* SeenMovieCell.swift */,
			);
			path = MyMovies;
			sourceTree = "<group>";
		};
		959E8B751FABC6DB0004E8C3 /* SearchMovies */ = {
			isa = PBXGroup;
			children = (
				959E8B761FABC6F50004E8C3 /* SearchMoviesViewController.swift */,
				3FD722CB20264B720046DEAC /* SearchMoviesViewController+UITableView.swift */,
				3FD722CD20264BF80046DEAC /* SearchMoviesViewController+Webservice.swift */,
				959E8B781FABC99D0004E8C3 /* SearchMoviesCell.swift */,
			);
			path = SearchMovies;
			sourceTree = "<group>";
		};
		95AE25931F9531E20067F5F5 = {
			isa = PBXGroup;
			children = (
				95AE259E1F9531E20067F5F5 /* Cineaste */,
				95AE25B31F9531E20067F5F5 /* CineasteTests */,
				3F2408F3203CB88E00EB9141 /* CineasteUITests */,
				95AE259D1F9531E20067F5F5 /* Products */,
				26AA56BA37588A32E46B6EC3 /* Pods */,
				B57B7805DFBFC32635F5C6EC /* Frameworks */,
			);
			sourceTree = "<group>";
		};
		95AE259D1F9531E20067F5F5 /* Products */ = {
			isa = PBXGroup;
			children = (
				95AE259C1F9531E20067F5F5 /* Cineaste.app */,
				95AE25B01F9531E20067F5F5 /* CineasteTests.xctest */,
				3F2408F2203CB88E00EB9141 /* CineasteUITests.xctest */,
			);
			name = Products;
			sourceTree = "<group>";
		};
		95AE259E1F9531E20067F5F5 /* Cineaste */ = {
			isa = PBXGroup;
			children = (
				95AE259F1F9531E20067F5F5 /* AppDelegate.swift */,
				95D32F621F9AA2D100497ED2 /* Utils */,
				95DC32021F97E0FB0014E3EA /* Networking */,
				3FBD8F931FF3FC6400AD5F02 /* Extension */,
				3F059D481FF3FA9C00D5576B /* Custom UI */,
				3F8644AC1FFA8F590046114A /* CoreDataHelper */,
				95DC32011F97E0EF0014E3EA /* Models */,
				95DC32001F97E0E20014E3EA /* Storyboards */,
				95DC31FF1F97E0D80014E3EA /* ViewController */,
				95DC32031F97E1300014E3EA /* Model.xcdatamodeld */,
				95D32F601F9AA20100497ED2 /* apikey.plist */,
				9528112F201D087800F3EC76 /* .swiftlint.yml */,
				958328991FBB81340084CF80 /* cineaste.xcassets */,
				951D86D12034B71F00BDD1D0 /* Cineaste-Bridging-Header.h */,
				95AE25AB1F9531E20067F5F5 /* Info.plist */,
				3F98063F20556EA700B92A27 /* InfoPlist.strings */,
				3F1DA161209C64D900AC4D09 /* Settings.bundle */,
				3FD6AA7820BA986900B72ABC /* Localizable.stringsdict */,
			);
			path = Cineaste;
			sourceTree = "<group>";
		};
		95AE25B31F9531E20067F5F5 /* CineasteTests */ = {
			isa = PBXGroup;
			children = (
				3F39D5DF20833DD400B29F48 /* Helper */,
				95AE25B61F9531E20067F5F5 /* Info.plist */,
				3F8644B01FFA95190046114A /* MoviesTabBarControllerTests.swift */,
				3F8644B21FFA96370046114A /* MoviesViewControllerTests.swift */,
				3F83BE811FF3AE3700E584E9 /* MovieListCellTests.swift */,
				3F21729820A6F92A0005D056 /* SeenMovieCellTests.swift */,
				3F83BE8D1FF3B29100E584E9 /* SearchMoviesViewControllerTests.swift */,
				3F83BE8F1FF3B29D00E584E9 /* SearchMoviesCellTests.swift */,
				3F8C569D1FFACB2600F09A82 /* MovieStorageTests.swift */,
				3F585B94203B5A43002F6E07 /* MovieDetailViewControllerTests.swift */,
				3FEF5C482030B28100EFCAA2 /* SettingsViewControllerTests.swift */,
				3FEF5C4A2030B28D00EFCAA2 /* SettingsCellTests.swift */,
				3F585B96203B5A58002F6E07 /* SettingsDetailViewControllerTests.swift */,
				3F585B92203B59B7002F6E07 /* MovieNightViewControllerTests.swift */,
			);
			path = CineasteTests;
			sourceTree = "<group>";
		};
		95B24EF31FADDB070070912A /* MovieDetail */ = {
			isa = PBXGroup;
			children = (
				95B24EF41FADDB260070912A /* MovieDetailViewController.swift */,
				3FD4FF8220B74C6500538BA3 /* PosterViewController.swift */,
			);
			path = MovieDetail;
			sourceTree = "<group>";
		};
		95D32F621F9AA2D100497ED2 /* Utils */ = {
			isa = PBXGroup;
			children = (
				95D32F631F9AA2EA00497ED2 /* ApiKeyStore.swift */,
				3F83BE771FF39DFC00E584E9 /* Instantiable.swift */,
				3F83BE791FF39E1B00E584E9 /* Storyboard.swift */,
				3F83BE971FF3BF7000E584E9 /* Segue.swift */,
				9528112D201D05AD00F3EC76 /* Result.swift */,
				3FDB14532025B80F0063E980 /* AlertMessages.swift */,
				953182F6203E17AF00A331A0 /* Config.swift */,
				953182F8203E19A000A331A0 /* UserDefaultsManager.swift */,
				3F98063920554AE300B92A27 /* ShortcutIdentifier.swift */,
			);
			path = Utils;
			sourceTree = "<group>";
		};
		95DC31FF1F97E0D80014E3EA /* ViewController */ = {
			isa = PBXGroup;
			children = (
				3F8644AA1FFA72EE0046114A /* MoviesTabBarController.swift */,
				959E8B741FABC6CD0004E8C3 /* MyMovies */,
				959E8B751FABC6DB0004E8C3 /* SearchMovies */,
				95B24EF31FADDB070070912A /* MovieDetail */,
				953182F3203E161700A331A0 /* MovieNight */,
				3F5E0D8D2030900200E091BE /* Settings */,
			);
			path = ViewController;
			sourceTree = "<group>";
		};
		95DC32001F97E0E20014E3EA /* Storyboards */ = {
			isa = PBXGroup;
			children = (
				95AE25A31F9531E20067F5F5 /* Main.storyboard */,
				3F61B2FD1FFAD680007A0557 /* MoviesList.storyboard */,
				3F1292EF1FD7C90C00ED5593 /* Search.storyboard */,
				3F1292ED1FD7C90C00ED5593 /* MovieDetail.storyboard */,
				95AE25A81F9531E20067F5F5 /* LaunchScreen.storyboard */,
				3F6C887A2002B2FC0052BF24 /* Settings.storyboard */,
				3F6C887F2002B5400052BF24 /* MovieNight.storyboard */,
			);
			path = Storyboards;
			sourceTree = "<group>";
		};
		95DC32011F97E0EF0014E3EA /* Models */ = {
			isa = PBXGroup;
			children = (
				95DC320C1F97E5150014E3EA /* Movie.swift */,
				95F0DBC81F9D2CF9004681C7 /* PagedMovieResult.swift */,
				9552262C1FAFB5D300323982 /* StoredMovie.swift */,
				95B57719201E2C75007BD9F0 /* MovieListCategory.swift */,
				3F5E0D90203090C300E091BE /* SettingItem.swift */,
				955C1382203CCBA2009D8337 /* NearbyMessage.swift */,
				955C1384203CCF61009D8337 /* NearbyMovie.swift */,
				3F5E0D922030988E00E091BE /* TextViewType.swift */,
				3F1DA164209DAE4500AC4D09 /* ContentBlock.swift */,
				3FC8FCDF204C1E7300370A5B /* MovieDetailType.swift */,
				3FE49553209DD33A006CD0D3 /* ImportExportObject.swift */,
			);
			path = Models;
			sourceTree = "<group>";
		};
		95DC32021F97E0FB0014E3EA /* Networking */ = {
			isa = PBXGroup;
			children = (
				95EFA4AD1FA13878004F1F94 /* Webservice.swift */,
				95EFA4AF1FA13AAA004F1F94 /* Resource.swift */,
			);
			path = Networking;
			sourceTree = "<group>";
		};
		B57B7805DFBFC32635F5C6EC /* Frameworks */ = {
			isa = PBXGroup;
			children = (
				73F209C17204435966B20FD4 /* libPods-Cineaste.a */,
				FA081A29AE61AE0233AEB16E /* libPods-CineasteTests.a */,
			);
			name = Frameworks;
			sourceTree = "<group>";
		};
/* End PBXGroup section */

/* Begin PBXNativeTarget section */
		3F2408F1203CB88E00EB9141 /* CineasteUITests */ = {
			isa = PBXNativeTarget;
			buildConfigurationList = 3F2408F9203CB88E00EB9141 /* Build configuration list for PBXNativeTarget "CineasteUITests" */;
			buildPhases = (
				3F2408EE203CB88E00EB9141 /* Sources */,
				3F2408EF203CB88E00EB9141 /* Frameworks */,
				3F2408F0203CB88E00EB9141 /* Resources */,
			);
			buildRules = (
			);
			dependencies = (
				3F2408F8203CB88E00EB9141 /* PBXTargetDependency */,
			);
			name = CineasteUITests;
			productName = CineasteUITests;
			productReference = 3F2408F2203CB88E00EB9141 /* CineasteUITests.xctest */;
			productType = "com.apple.product-type.bundle.ui-testing";
		};
		95AE259B1F9531E20067F5F5 /* Cineaste */ = {
			isa = PBXNativeTarget;
			buildConfigurationList = 95AE25B91F9531E20067F5F5 /* Build configuration list for PBXNativeTarget "Cineaste" */;
			buildPhases = (
				4607E40C6BD11FE1A9342D20 /* [CP] Check Pods Manifest.lock */,
				95281131201D091100F3EC76 /* Find TODOS/WARNINGS */,
				951BEDF71FB0FF73006EFDED /* Swift Lint */,
				95AE25981F9531E20067F5F5 /* Sources */,
				95AE25991F9531E20067F5F5 /* Frameworks */,
				95AE259A1F9531E20067F5F5 /* Resources */,
				BAB26E930718F5A7FA35EFC6 /* [CP] Copy Pods Resources */,
			);
			buildRules = (
			);
			dependencies = (
			);
			name = Cineaste;
			productName = Cineaste;
			productReference = 95AE259C1F9531E20067F5F5 /* Cineaste.app */;
			productType = "com.apple.product-type.application";
		};
		95AE25AF1F9531E20067F5F5 /* CineasteTests */ = {
			isa = PBXNativeTarget;
			buildConfigurationList = 95AE25BC1F9531E20067F5F5 /* Build configuration list for PBXNativeTarget "CineasteTests" */;
			buildPhases = (
				66171FDC02A654FA0A955A68 /* [CP] Check Pods Manifest.lock */,
				95AE25AC1F9531E20067F5F5 /* Sources */,
				95AE25AD1F9531E20067F5F5 /* Frameworks */,
				95AE25AE1F9531E20067F5F5 /* Resources */,
			);
			buildRules = (
			);
			dependencies = (
				95AE25B21F9531E20067F5F5 /* PBXTargetDependency */,
			);
			name = CineasteTests;
			productName = CineasteTests;
			productReference = 95AE25B01F9531E20067F5F5 /* CineasteTests.xctest */;
			productType = "com.apple.product-type.bundle.unit-test";
		};
/* End PBXNativeTarget section */

/* Begin PBXProject section */
		95AE25941F9531E20067F5F5 /* Project object */ = {
			isa = PBXProject;
			attributes = {
				LastSwiftUpdateCheck = 0900;
				LastUpgradeCheck = 0930;
				ORGANIZATIONNAME = notimeforthat.org;
				TargetAttributes = {
					3F2408F1203CB88E00EB9141 = {
						CreatedOnToolsVersion = 9.2;
						ProvisioningStyle = Automatic;
						TestTargetID = 95AE259B1F9531E20067F5F5;
					};
					95AE259B1F9531E20067F5F5 = {
						CreatedOnToolsVersion = 9.0;
						LastSwiftMigration = 0920;
						ProvisioningStyle = Automatic;
					};
					95AE25AF1F9531E20067F5F5 = {
						CreatedOnToolsVersion = 9.0;
						LastSwiftMigration = 0930;
						ProvisioningStyle = Automatic;
						TestTargetID = 95AE259B1F9531E20067F5F5;
					};
				};
			};
			buildConfigurationList = 95AE25971F9531E20067F5F5 /* Build configuration list for PBXProject "Cineaste" */;
			compatibilityVersion = "Xcode 8.0";
			developmentRegion = en;
			hasScannedForEncodings = 0;
			knownRegions = (
				en,
				Base,
				de,
			);
			mainGroup = 95AE25931F9531E20067F5F5;
			productRefGroup = 95AE259D1F9531E20067F5F5 /* Products */;
			projectDirPath = "";
			projectRoot = "";
			targets = (
				95AE259B1F9531E20067F5F5 /* Cineaste */,
				95AE25AF1F9531E20067F5F5 /* CineasteTests */,
				3F2408F1203CB88E00EB9141 /* CineasteUITests */,
			);
		};
/* End PBXProject section */

/* Begin PBXResourcesBuildPhase section */
		3F2408F0203CB88E00EB9141 /* Resources */ = {
			isa = PBXResourcesBuildPhase;
			buildActionMask = 2147483647;
			files = (
			);
			runOnlyForDeploymentPostprocessing = 0;
		};
		95AE259A1F9531E20067F5F5 /* Resources */ = {
			isa = PBXResourcesBuildPhase;
			buildActionMask = 2147483647;
			files = (
				95281130201D087800F3EC76 /* .swiftlint.yml in Resources */,
				95AE25AA1F9531E20067F5F5 /* LaunchScreen.storyboard in Resources */,
				9583289A1FBB81340084CF80 /* cineaste.xcassets in Resources */,
				95D32F611F9AA20100497ED2 /* apikey.plist in Resources */,
				3F1DA162209C64D900AC4D09 /* Settings.bundle in Resources */,
				95AE25A51F9531E20067F5F5 /* Main.storyboard in Resources */,
				3F6C887C2002B2FC0052BF24 /* Settings.storyboard in Resources */,
				3F1292F21FD7C90D00ED5593 /* Search.storyboard in Resources */,
				3F6C88812002B5400052BF24 /* MovieNight.storyboard in Resources */,
				3F1292F11FD7C90D00ED5593 /* MovieDetail.storyboard in Resources */,
				3F98063D20556EA700B92A27 /* InfoPlist.strings in Resources */,
				3F61B2FB1FFAD680007A0557 /* MoviesList.storyboard in Resources */,
				3FD6AA7A20BA986900B72ABC /* Localizable.stringsdict in Resources */,
			);
			runOnlyForDeploymentPostprocessing = 0;
		};
		95AE25AE1F9531E20067F5F5 /* Resources */ = {
			isa = PBXResourcesBuildPhase;
			buildActionMask = 2147483647;
			files = (
				3F8644A51FFA5FC50046114A /* Movie.json in Resources */,
				3F8644A41FFA5FC20046114A /* MovieDetail.json in Resources */,
			);
			runOnlyForDeploymentPostprocessing = 0;
		};
/* End PBXResourcesBuildPhase section */

/* Begin PBXShellScriptBuildPhase section */
		4607E40C6BD11FE1A9342D20 /* [CP] Check Pods Manifest.lock */ = {
			isa = PBXShellScriptBuildPhase;
			buildActionMask = 2147483647;
			files = (
			);
			inputPaths = (
				"${PODS_PODFILE_DIR_PATH}/Podfile.lock",
				"${PODS_ROOT}/Manifest.lock",
			);
			name = "[CP] Check Pods Manifest.lock";
			outputPaths = (
				"$(DERIVED_FILE_DIR)/Pods-Cineaste-checkManifestLockResult.txt",
			);
			runOnlyForDeploymentPostprocessing = 0;
			shellPath = /bin/sh;
			shellScript = "diff \"${PODS_PODFILE_DIR_PATH}/Podfile.lock\" \"${PODS_ROOT}/Manifest.lock\" > /dev/null\nif [ $? != 0 ] ; then\n    # print error to STDERR\n    echo \"error: The sandbox is not in sync with the Podfile.lock. Run 'pod install' or update your CocoaPods installation.\" >&2\n    exit 1\nfi\n# This output is used by Xcode 'outputs' to avoid re-running this script phase.\necho \"SUCCESS\" > \"${SCRIPT_OUTPUT_FILE_0}\"\n";
			showEnvVarsInLog = 0;
		};
		66171FDC02A654FA0A955A68 /* [CP] Check Pods Manifest.lock */ = {
			isa = PBXShellScriptBuildPhase;
			buildActionMask = 2147483647;
			files = (
			);
			inputPaths = (
				"${PODS_PODFILE_DIR_PATH}/Podfile.lock",
				"${PODS_ROOT}/Manifest.lock",
			);
			name = "[CP] Check Pods Manifest.lock";
			outputPaths = (
				"$(DERIVED_FILE_DIR)/Pods-CineasteTests-checkManifestLockResult.txt",
			);
			runOnlyForDeploymentPostprocessing = 0;
			shellPath = /bin/sh;
			shellScript = "diff \"${PODS_PODFILE_DIR_PATH}/Podfile.lock\" \"${PODS_ROOT}/Manifest.lock\" > /dev/null\nif [ $? != 0 ] ; then\n    # print error to STDERR\n    echo \"error: The sandbox is not in sync with the Podfile.lock. Run 'pod install' or update your CocoaPods installation.\" >&2\n    exit 1\nfi\n# This output is used by Xcode 'outputs' to avoid re-running this script phase.\necho \"SUCCESS\" > \"${SCRIPT_OUTPUT_FILE_0}\"\n";
			showEnvVarsInLog = 0;
		};
		951BEDF71FB0FF73006EFDED /* Swift Lint */ = {
			isa = PBXShellScriptBuildPhase;
			buildActionMask = 2147483647;
			files = (
			);
			inputPaths = (
			);
			name = "Swift Lint";
			outputPaths = (
			);
			runOnlyForDeploymentPostprocessing = 0;
			shellPath = /bin/sh;
			shellScript = "\"${PODS_ROOT}/SwiftLint/swiftlint\" autocorrect\n\"${PODS_ROOT}/SwiftLint/swiftlint\" lint --config .swiftlint.yml --strict";
		};
		95281131201D091100F3EC76 /* Find TODOS/WARNINGS */ = {
			isa = PBXShellScriptBuildPhase;
			buildActionMask = 2147483647;
			files = (
			);
			inputPaths = (
			);
			name = "Find TODOS/WARNINGS";
			outputPaths = (
			);
			runOnlyForDeploymentPostprocessing = 0;
			shellPath = /bin/sh;
			shellScript = "TAGS=\"TODO:|FIXME:|WARNING:\"\necho \"searching ${SRCROOT} for ${TAGS}\"\nfind \"${SRCROOT}\" \\( -name \"*.swift\" \\) -print0 \\\n| xargs -0 egrep --with-filename --line-number --only-matching \"($TAGS).*\\$\" \\\n| perl -p -e \"s/($TAGS)/ warning: \\$1/\"";
		};
		BAB26E930718F5A7FA35EFC6 /* [CP] Copy Pods Resources */ = {
			isa = PBXShellScriptBuildPhase;
			buildActionMask = 2147483647;
			files = (
			);
			inputPaths = (
				"${SRCROOT}/Pods/Target Support Files/Pods-Cineaste/Pods-Cineaste-resources.sh",
				"${PODS_ROOT}/NearbyMessages/Resources/resources/GNSSharedResources.bundle",
				"${PODS_ROOT}/NearbyMessages/Resources/resources/ic_expand_more.xcassets",
				"${PODS_ROOT}/NearbyMessages/Resources/resources/ic_nearby_48pt.xcassets",
			);
			name = "[CP] Copy Pods Resources";
			outputPaths = (
				"${TARGET_BUILD_DIR}/${UNLOCALIZED_RESOURCES_FOLDER_PATH}/GNSSharedResources.bundle",
				"${TARGET_BUILD_DIR}/${UNLOCALIZED_RESOURCES_FOLDER_PATH}/Assets.car",
			);
			runOnlyForDeploymentPostprocessing = 0;
			shellPath = /bin/sh;
			shellScript = "\"${SRCROOT}/Pods/Target Support Files/Pods-Cineaste/Pods-Cineaste-resources.sh\"\n";
			showEnvVarsInLog = 0;
		};
/* End PBXShellScriptBuildPhase section */

/* Begin PBXSourcesBuildPhase section */
		3F2408EE203CB88E00EB9141 /* Sources */ = {
			isa = PBXSourcesBuildPhase;
			buildActionMask = 2147483647;
			files = (
				3F2408F5203CB88E00EB9141 /* ScreenshotsUITests.swift in Sources */,
				3F2408FD203CB96000EB9141 /* SnapshotHelper.swift in Sources */,
			);
			runOnlyForDeploymentPostprocessing = 0;
		};
		95AE25981F9531E20067F5F5 /* Sources */ = {
			isa = PBXSourcesBuildPhase;
			buildActionMask = 2147483647;
			files = (
				3F83BE781FF39DFC00E584E9 /* Instantiable.swift in Sources */,
				3FD886461FF2C46400A86ACF /* Appearance.swift in Sources */,
				953182F7203E17AF00A331A0 /* Config.swift in Sources */,
				95F0DBC91F9D2CF9004681C7 /* PagedMovieResult.swift in Sources */,
				3FCC71371FD7536B00A47ADF /* FetchedResultsManagerDelegate.swift in Sources */,
				95C679A22033773A0058FC8C /* UIImage+Cineaste.swift in Sources */,
				3F8644AB1FFA72EE0046114A /* MoviesTabBarController.swift in Sources */,
				3F5E0D91203090C300E091BE /* SettingItem.swift in Sources */,
				3F1DA165209DAE4500AC4D09 /* ContentBlock.swift in Sources */,
				3F5E0D932030988E00E091BE /* TextViewType.swift in Sources */,
				953182FB203E212A00A331A0 /* MovieNightUserCell.swift in Sources */,
				95B5771A201E2C75007BD9F0 /* MovieListCategory.swift in Sources */,
				3F449DC32073FA4E00C5F5B8 /* ImportMoviesViewController.swift in Sources */,
				9552262D1FAFB5D300323982 /* StoredMovie.swift in Sources */,
				3FAA3BBC20826B1D00726DE2 /* Int16+Formatter.swift in Sources */,
				9528112E201D05AD00F3EC76 /* Result.swift in Sources */,
				3FC95B90207BF60700B44C84 /* OrangeNavigationController.swift in Sources */,
				3FA808CF20027AF60036357B /* Button.swift in Sources */,
				3F83BE981FF3BF7000E584E9 /* Segue.swift in Sources */,
				3F71F685200292B700496E05 /* TextView.swift in Sources */,
				3F059D471FF3FA8B00D5576B /* Label.swift in Sources */,
				955C1385203CCF61009D8337 /* NearbyMovie.swift in Sources */,
				3FD722CC20264B720046DEAC /* SearchMoviesViewController+UITableView.swift in Sources */,
				3F0178F920CD26DC00600DB4 /* String+VariantFittingPresentationWidth.swift in Sources */,
				3FAA3BBA2082668900726DE2 /* Decimal+Formatter.swift in Sources */,
				95EFA4B01FA13AAA004F1F94 /* Resource.swift in Sources */,
				95D32F641F9AA2EA00497ED2 /* ApiKeyStore.swift in Sources */,
				9526A70520448940004E08F7 /* MovieMatchViewController.swift in Sources */,
				3F5E0D8F2030905B00E091BE /* SettingsCell.swift in Sources */,
				3F8C569C1FFACAFF00F09A82 /* MovieStorage.swift in Sources */,
				3F6C88792002B2C50052BF24 /* SettingsDetailViewController.swift in Sources */,
				3FAAD61A20A6E5EE001A19D2 /* SeenMovieCell.swift in Sources */,
				95DC32051F97E1300014E3EA /* Model.xcdatamodeld in Sources */,
				95B24EF51FADDB260070912A /* MovieDetailViewController.swift in Sources */,
				3F6C887E2002B5090052BF24 /* MovieNightViewController.swift in Sources */,
				3FD2F87D201E04AD003B880E /* MoviesViewController+SwipeAction.swift in Sources */,
				95DC320D1F97E5150014E3EA /* Movie.swift in Sources */,
				3FD4FF8320B74C6500538BA3 /* PosterViewController.swift in Sources */,
				3F1F29EA20B1C4AB00A9282B /* UITableView+GenericDequeue.swift in Sources */,
				955C1383203CCBA2009D8337 /* NearbyMessage.swift in Sources */,
				953182F9203E19A000A331A0 /* UserDefaultsManager.swift in Sources */,
				3F1292FA1FD7CC1100ED5593 /* MovieListCell.swift in Sources */,
				959E8B791FABC99D0004E8C3 /* SearchMoviesCell.swift in Sources */,
				3FD722CE20264BF80046DEAC /* SearchMoviesViewController+Webservice.swift in Sources */,
				959E8B771FABC6F50004E8C3 /* SearchMoviesViewController.swift in Sources */,
				3F83BE7A1FF39E1B00E584E9 /* Storyboard.swift in Sources */,
				9526A70720449206004E08F7 /* MovieMatchCell.swift in Sources */,
				95AE25A01F9531E20067F5F5 /* AppDelegate.swift in Sources */,
				3FDB14542025B80F0063E980 /* AlertMessages.swift in Sources */,
				3FA808D1200285590036357B /* View.swift in Sources */,
				3F9806382055250F00B92A27 /* String+Cineaste.swift in Sources */,
				3FCC71331FD747D600A47ADF /* FetchedResultsManager.swift in Sources */,
				3F5E0D8C20308FF700E091BE /* SettingsViewController.swift in Sources */,
				3FE49554209DD33A006CD0D3 /* ImportExportObject.swift in Sources */,
				3F3BC2611FF40387000C7EC7 /* String+DateFormatter.swift in Sources */,
				3F8644A91FFA69E70046114A /* MoviesViewController.swift in Sources */,
				3FC8FCE0204C1E7300370A5B /* MovieDetailType.swift in Sources */,
				3FBD8F921FF3FC5B00AD5F02 /* Date+Formatter.swift in Sources */,
				95EFA4AE1FA13878004F1F94 /* Webservice.swift in Sources */,
				3F98063A20554AE400B92A27 /* ShortcutIdentifier.swift in Sources */,
			);
			runOnlyForDeploymentPostprocessing = 0;
		};
		95AE25AC1F9531E20067F5F5 /* Sources */ = {
			isa = PBXSourcesBuildPhase;
			buildActionMask = 2147483647;
			files = (
				3F83BE8E1FF3B29100E584E9 /* SearchMoviesViewControllerTests.swift in Sources */,
				3F21729920A6F92A0005D056 /* SeenMovieCellTests.swift in Sources */,
				3F8644B31FFA96370046114A /* MoviesViewControllerTests.swift in Sources */,
				3F83BE901FF3B29D00E584E9 /* SearchMoviesCellTests.swift in Sources */,
				3F83BE821FF3AE3700E584E9 /* MovieListCellTests.swift in Sources */,
				3F585B97203B5A58002F6E07 /* SettingsDetailViewControllerTests.swift in Sources */,
				3FEF5C492030B28100EFCAA2 /* SettingsViewControllerTests.swift in Sources */,
				3F83BE801FF3AC3B00E584E9 /* CoreDataHelper.swift in Sources */,
				3F8644B11FFA95190046114A /* MoviesTabBarControllerTests.swift in Sources */,
				3FEF5C4B2030B28D00EFCAA2 /* SettingsCellTests.swift in Sources */,
				3F585B93203B59B7002F6E07 /* MovieNightViewControllerTests.swift in Sources */,
				3F585B95203B5A43002F6E07 /* MovieDetailViewControllerTests.swift in Sources */,
				3F8C569E1FFACB2600F09A82 /* MovieStorageTests.swift in Sources */,
			);
			runOnlyForDeploymentPostprocessing = 0;
		};
/* End PBXSourcesBuildPhase section */

/* Begin PBXTargetDependency section */
		3F2408F8203CB88E00EB9141 /* PBXTargetDependency */ = {
			isa = PBXTargetDependency;
			target = 95AE259B1F9531E20067F5F5 /* Cineaste */;
			targetProxy = 3F2408F7203CB88E00EB9141 /* PBXContainerItemProxy */;
		};
		95AE25B21F9531E20067F5F5 /* PBXTargetDependency */ = {
			isa = PBXTargetDependency;
			target = 95AE259B1F9531E20067F5F5 /* Cineaste */;
			targetProxy = 95AE25B11F9531E20067F5F5 /* PBXContainerItemProxy */;
		};
/* End PBXTargetDependency section */

/* Begin PBXVariantGroup section */
		3F1292ED1FD7C90C00ED5593 /* MovieDetail.storyboard */ = {
			isa = PBXVariantGroup;
			children = (
				3F1292EE1FD7C90C00ED5593 /* Base */,
				3F1292F61FD7C98800ED5593 /* en */,
			);
			name = MovieDetail.storyboard;
			sourceTree = "<group>";
		};
		3F1292EF1FD7C90C00ED5593 /* Search.storyboard */ = {
			isa = PBXVariantGroup;
			children = (
				3F1292F01FD7C90C00ED5593 /* Base */,
				3F1292F41FD7C98400ED5593 /* en */,
			);
			name = Search.storyboard;
			sourceTree = "<group>";
		};
		3F61B2FD1FFAD680007A0557 /* MoviesList.storyboard */ = {
			isa = PBXVariantGroup;
			children = (
				3F61B2FC1FFAD680007A0557 /* Base */,
				3F61B2FF1FFAD683007A0557 /* en */,
			);
			name = MoviesList.storyboard;
			sourceTree = "<group>";
		};
		3F6C887A2002B2FC0052BF24 /* Settings.storyboard */ = {
			isa = PBXVariantGroup;
			children = (
				3F6C887B2002B2FC0052BF24 /* Base */,
			);
			name = Settings.storyboard;
			sourceTree = "<group>";
		};
		3F6C887F2002B5400052BF24 /* MovieNight.storyboard */ = {
			isa = PBXVariantGroup;
			children = (
				3F6C88802002B5400052BF24 /* Base */,
			);
			name = MovieNight.storyboard;
			sourceTree = "<group>";
		};
		3F98063F20556EA700B92A27 /* InfoPlist.strings */ = {
			isa = PBXVariantGroup;
			children = (
				3F98063E20556EA700B92A27 /* en */,
				3FD37A4D2083714400D683E0 /* Base */,
				3FD37A4E2083715C00D683E0 /* de */,
			);
			name = InfoPlist.strings;
			sourceTree = "<group>";
		};
		3FD6AA7820BA986900B72ABC /* Localizable.stringsdict */ = {
			isa = PBXVariantGroup;
			children = (
				3FD6AA7920BA986900B72ABC /* de */,
			);
			name = Localizable.stringsdict;
			sourceTree = "<group>";
		};
		95AE25A31F9531E20067F5F5 /* Main.storyboard */ = {
			isa = PBXVariantGroup;
			children = (
				95AE25A41F9531E20067F5F5 /* Base */,
				3F1292F81FD7C9AA00ED5593 /* en */,
			);
			name = Main.storyboard;
			sourceTree = "<group>";
		};
		95AE25A81F9531E20067F5F5 /* LaunchScreen.storyboard */ = {
			isa = PBXVariantGroup;
			children = (
				95AE25A91F9531E20067F5F5 /* Base */,
			);
			name = LaunchScreen.storyboard;
			sourceTree = "<group>";
		};
/* End PBXVariantGroup section */

/* Begin XCBuildConfiguration section */
		3F2408FA203CB88E00EB9141 /* Debug */ = {
			isa = XCBuildConfiguration;
			buildSettings = {
				CODE_SIGN_STYLE = Automatic;
				DEVELOPMENT_TEAM = 8SM483N5JS;
				INFOPLIST_FILE = CineasteUITests/Info.plist;
				IPHONEOS_DEPLOYMENT_TARGET = 11.2;
				LD_RUNPATH_SEARCH_PATHS = "$(inherited) @executable_path/Frameworks @loader_path/Frameworks";
				PRODUCT_BUNDLE_IDENTIFIER = com.notimeforthat.CineasteUITests;
				PRODUCT_NAME = "$(TARGET_NAME)";
				SWIFT_VERSION = 4.0;
				TARGETED_DEVICE_FAMILY = "1,2";
				TEST_TARGET_NAME = Cineaste;
			};
			name = Debug;
		};
		3F2408FB203CB88E00EB9141 /* Release */ = {
			isa = XCBuildConfiguration;
			buildSettings = {
				CODE_SIGN_STYLE = Automatic;
				DEVELOPMENT_TEAM = 8SM483N5JS;
				INFOPLIST_FILE = CineasteUITests/Info.plist;
				IPHONEOS_DEPLOYMENT_TARGET = 11.2;
				LD_RUNPATH_SEARCH_PATHS = "$(inherited) @executable_path/Frameworks @loader_path/Frameworks";
				PRODUCT_BUNDLE_IDENTIFIER = com.notimeforthat.CineasteUITests;
				PRODUCT_NAME = "$(TARGET_NAME)";
				SWIFT_VERSION = 4.0;
				TARGETED_DEVICE_FAMILY = "1,2";
				TEST_TARGET_NAME = Cineaste;
			};
			name = Release;
		};
		95AE25B71F9531E20067F5F5 /* Debug */ = {
			isa = XCBuildConfiguration;
			buildSettings = {
				ALWAYS_SEARCH_USER_PATHS = NO;
				CLANG_ANALYZER_LOCALIZABILITY_NONLOCALIZED = YES;
				CLANG_ANALYZER_NONNULL = YES;
				CLANG_ANALYZER_NUMBER_OBJECT_CONVERSION = YES_AGGRESSIVE;
				CLANG_CXX_LANGUAGE_STANDARD = "gnu++14";
				CLANG_CXX_LIBRARY = "libc++";
				CLANG_ENABLE_MODULES = YES;
				CLANG_ENABLE_OBJC_ARC = YES;
				CLANG_WARN_BLOCK_CAPTURE_AUTORELEASING = YES;
				CLANG_WARN_BOOL_CONVERSION = YES;
				CLANG_WARN_COMMA = YES;
				CLANG_WARN_CONSTANT_CONVERSION = YES;
				CLANG_WARN_DEPRECATED_OBJC_IMPLEMENTATIONS = YES;
				CLANG_WARN_DIRECT_OBJC_ISA_USAGE = YES_ERROR;
				CLANG_WARN_DOCUMENTATION_COMMENTS = YES;
				CLANG_WARN_EMPTY_BODY = YES;
				CLANG_WARN_ENUM_CONVERSION = YES;
				CLANG_WARN_INFINITE_RECURSION = YES;
				CLANG_WARN_INT_CONVERSION = YES;
				CLANG_WARN_NON_LITERAL_NULL_CONVERSION = YES;
				CLANG_WARN_OBJC_IMPLICIT_RETAIN_SELF = YES;
				CLANG_WARN_OBJC_LITERAL_CONVERSION = YES;
				CLANG_WARN_OBJC_ROOT_CLASS = YES_ERROR;
				CLANG_WARN_RANGE_LOOP_ANALYSIS = YES;
				CLANG_WARN_STRICT_PROTOTYPES = YES;
				CLANG_WARN_SUSPICIOUS_MOVE = YES;
				CLANG_WARN_UNGUARDED_AVAILABILITY = YES_AGGRESSIVE;
				CLANG_WARN_UNREACHABLE_CODE = YES;
				CLANG_WARN__DUPLICATE_METHOD_MATCH = YES;
				CODE_SIGN_IDENTITY = "iPhone Developer";
				COPY_PHASE_STRIP = NO;
				DEBUG_INFORMATION_FORMAT = dwarf;
				ENABLE_STRICT_OBJC_MSGSEND = YES;
				ENABLE_TESTABILITY = YES;
				GCC_C_LANGUAGE_STANDARD = gnu11;
				GCC_DYNAMIC_NO_PIC = NO;
				GCC_NO_COMMON_BLOCKS = YES;
				GCC_OPTIMIZATION_LEVEL = 0;
				GCC_PREPROCESSOR_DEFINITIONS = (
					"DEBUG=1",
					"$(inherited)",
				);
				GCC_WARN_64_TO_32_BIT_CONVERSION = YES;
				GCC_WARN_ABOUT_RETURN_TYPE = YES_ERROR;
				GCC_WARN_UNDECLARED_SELECTOR = YES;
				GCC_WARN_UNINITIALIZED_AUTOS = YES_AGGRESSIVE;
				GCC_WARN_UNUSED_FUNCTION = YES;
				GCC_WARN_UNUSED_VARIABLE = YES;
				IPHONEOS_DEPLOYMENT_TARGET = 10.0;
				MTL_ENABLE_DEBUG_INFO = YES;
				ONLY_ACTIVE_ARCH = YES;
				SDKROOT = iphoneos;
				SWIFT_ACTIVE_COMPILATION_CONDITIONS = DEBUG;
				SWIFT_OPTIMIZATION_LEVEL = "-Onone";
			};
			name = Debug;
		};
		95AE25B81F9531E20067F5F5 /* Release */ = {
			isa = XCBuildConfiguration;
			buildSettings = {
				ALWAYS_SEARCH_USER_PATHS = NO;
				CLANG_ANALYZER_LOCALIZABILITY_NONLOCALIZED = YES;
				CLANG_ANALYZER_NONNULL = YES;
				CLANG_ANALYZER_NUMBER_OBJECT_CONVERSION = YES_AGGRESSIVE;
				CLANG_CXX_LANGUAGE_STANDARD = "gnu++14";
				CLANG_CXX_LIBRARY = "libc++";
				CLANG_ENABLE_MODULES = YES;
				CLANG_ENABLE_OBJC_ARC = YES;
				CLANG_WARN_BLOCK_CAPTURE_AUTORELEASING = YES;
				CLANG_WARN_BOOL_CONVERSION = YES;
				CLANG_WARN_COMMA = YES;
				CLANG_WARN_CONSTANT_CONVERSION = YES;
				CLANG_WARN_DEPRECATED_OBJC_IMPLEMENTATIONS = YES;
				CLANG_WARN_DIRECT_OBJC_ISA_USAGE = YES_ERROR;
				CLANG_WARN_DOCUMENTATION_COMMENTS = YES;
				CLANG_WARN_EMPTY_BODY = YES;
				CLANG_WARN_ENUM_CONVERSION = YES;
				CLANG_WARN_INFINITE_RECURSION = YES;
				CLANG_WARN_INT_CONVERSION = YES;
				CLANG_WARN_NON_LITERAL_NULL_CONVERSION = YES;
				CLANG_WARN_OBJC_IMPLICIT_RETAIN_SELF = YES;
				CLANG_WARN_OBJC_LITERAL_CONVERSION = YES;
				CLANG_WARN_OBJC_ROOT_CLASS = YES_ERROR;
				CLANG_WARN_RANGE_LOOP_ANALYSIS = YES;
				CLANG_WARN_STRICT_PROTOTYPES = YES;
				CLANG_WARN_SUSPICIOUS_MOVE = YES;
				CLANG_WARN_UNGUARDED_AVAILABILITY = YES_AGGRESSIVE;
				CLANG_WARN_UNREACHABLE_CODE = YES;
				CLANG_WARN__DUPLICATE_METHOD_MATCH = YES;
				CODE_SIGN_IDENTITY = "iPhone Developer";
				COPY_PHASE_STRIP = NO;
				DEBUG_INFORMATION_FORMAT = "dwarf-with-dsym";
				ENABLE_NS_ASSERTIONS = NO;
				ENABLE_STRICT_OBJC_MSGSEND = YES;
				GCC_C_LANGUAGE_STANDARD = gnu11;
				GCC_NO_COMMON_BLOCKS = YES;
				GCC_WARN_64_TO_32_BIT_CONVERSION = YES;
				GCC_WARN_ABOUT_RETURN_TYPE = YES_ERROR;
				GCC_WARN_UNDECLARED_SELECTOR = YES;
				GCC_WARN_UNINITIALIZED_AUTOS = YES_AGGRESSIVE;
				GCC_WARN_UNUSED_FUNCTION = YES;
				GCC_WARN_UNUSED_VARIABLE = YES;
				IPHONEOS_DEPLOYMENT_TARGET = 10.0;
				MTL_ENABLE_DEBUG_INFO = NO;
				SDKROOT = iphoneos;
				SWIFT_OPTIMIZATION_LEVEL = "-Owholemodule";
				VALIDATE_PRODUCT = YES;
			};
			name = Release;
		};
		95AE25BA1F9531E20067F5F5 /* Debug */ = {
			isa = XCBuildConfiguration;
			baseConfigurationReference = 10EC925C48CF013D296C7E00 /* Pods-Cineaste.debug.xcconfig */;
			buildSettings = {
				ASSETCATALOG_COMPILER_APPICON_NAME = AppIcon;
				ASSETCATALOG_COMPILER_LAUNCHIMAGE_NAME = LaunchImage;
				CLANG_ENABLE_MODULES = YES;
				CODE_SIGN_IDENTITY = "iPhone Developer";
				"CODE_SIGN_IDENTITY[sdk=iphoneos*]" = "iPhone Developer";
				CODE_SIGN_STYLE = Automatic;
				CURRENT_PROJECT_VERSION = 258;
				DEVELOPMENT_TEAM = 8SM483N5JS;
				INFOPLIST_FILE = Cineaste/Info.plist;
				LD_RUNPATH_SEARCH_PATHS = "$(inherited) @executable_path/Frameworks";
				PRODUCT_BUNDLE_IDENTIFIER = org.notimeforthat.Cineaste;
				PRODUCT_NAME = "$(TARGET_NAME)";
				PROVISIONING_PROFILE_SPECIFIER = "";
				SWIFT_OBJC_BRIDGING_HEADER = "Cineaste/Cineaste-Bridging-Header.h";
				SWIFT_OPTIMIZATION_LEVEL = "-Onone";
				SWIFT_VERSION = 4.0;
				TARGETED_DEVICE_FAMILY = "1,2";
			};
			name = Debug;
		};
		95AE25BB1F9531E20067F5F5 /* Release */ = {
			isa = XCBuildConfiguration;
			baseConfigurationReference = BB99519CA7DCBFF993793716 /* Pods-Cineaste.release.xcconfig */;
			buildSettings = {
				ASSETCATALOG_COMPILER_APPICON_NAME = AppIcon;
				ASSETCATALOG_COMPILER_LAUNCHIMAGE_NAME = LaunchImage;
				CLANG_ENABLE_MODULES = YES;
				CODE_SIGN_IDENTITY = "iPhone Developer";
				"CODE_SIGN_IDENTITY[sdk=iphoneos*]" = "iPhone Developer";
				CODE_SIGN_STYLE = Automatic;
				CURRENT_PROJECT_VERSION = 258;
				DEVELOPMENT_TEAM = 8SM483N5JS;
				INFOPLIST_FILE = Cineaste/Info.plist;
				LD_RUNPATH_SEARCH_PATHS = "$(inherited) @executable_path/Frameworks";
				PRODUCT_BUNDLE_IDENTIFIER = org.notimeforthat.Cineaste;
				PRODUCT_NAME = "$(TARGET_NAME)";
				PROVISIONING_PROFILE_SPECIFIER = "";
				SWIFT_OBJC_BRIDGING_HEADER = "Cineaste/Cineaste-Bridging-Header.h";
				SWIFT_VERSION = 4.0;
				TARGETED_DEVICE_FAMILY = "1,2";
			};
			name = Release;
		};
		95AE25BD1F9531E20067F5F5 /* Debug */ = {
			isa = XCBuildConfiguration;
			baseConfigurationReference = 5C51DCF4A8787AB51D732791 /* Pods-CineasteTests.debug.xcconfig */;
			buildSettings = {
				ALWAYS_EMBED_SWIFT_STANDARD_LIBRARIES = YES;
				BUNDLE_LOADER = "$(TEST_HOST)";
				CODE_SIGN_STYLE = Automatic;
				DEVELOPMENT_TEAM = 8SM483N5JS;
				INFOPLIST_FILE = CineasteTests/Info.plist;
				LD_RUNPATH_SEARCH_PATHS = "$(inherited) @executable_path/Frameworks @loader_path/Frameworks";
				PRODUCT_BUNDLE_IDENTIFIER = com.notimeforthat.CineasteTests;
				PRODUCT_NAME = "$(TARGET_NAME)";
				SWIFT_VERSION = 4.0;
				TARGETED_DEVICE_FAMILY = "1,2";
				TEST_HOST = "$(BUILT_PRODUCTS_DIR)/Cineaste.app/Cineaste";
			};
			name = Debug;
		};
		95AE25BE1F9531E20067F5F5 /* Release */ = {
			isa = XCBuildConfiguration;
			baseConfigurationReference = 5A281C9054D31DC026F344BE /* Pods-CineasteTests.release.xcconfig */;
			buildSettings = {
				ALWAYS_EMBED_SWIFT_STANDARD_LIBRARIES = YES;
				BUNDLE_LOADER = "$(TEST_HOST)";
				CODE_SIGN_STYLE = Automatic;
				DEVELOPMENT_TEAM = 8SM483N5JS;
				INFOPLIST_FILE = CineasteTests/Info.plist;
				LD_RUNPATH_SEARCH_PATHS = "$(inherited) @executable_path/Frameworks @loader_path/Frameworks";
				PRODUCT_BUNDLE_IDENTIFIER = com.notimeforthat.CineasteTests;
				PRODUCT_NAME = "$(TARGET_NAME)";
				SWIFT_VERSION = 4.0;
				TARGETED_DEVICE_FAMILY = "1,2";
				TEST_HOST = "$(BUILT_PRODUCTS_DIR)/Cineaste.app/Cineaste";
			};
			name = Release;
		};
/* End XCBuildConfiguration section */

/* Begin XCConfigurationList section */
		3F2408F9203CB88E00EB9141 /* Build configuration list for PBXNativeTarget "CineasteUITests" */ = {
			isa = XCConfigurationList;
			buildConfigurations = (
				3F2408FA203CB88E00EB9141 /* Debug */,
				3F2408FB203CB88E00EB9141 /* Release */,
			);
			defaultConfigurationIsVisible = 0;
			defaultConfigurationName = Release;
		};
		95AE25971F9531E20067F5F5 /* Build configuration list for PBXProject "Cineaste" */ = {
			isa = XCConfigurationList;
			buildConfigurations = (
				95AE25B71F9531E20067F5F5 /* Debug */,
				95AE25B81F9531E20067F5F5 /* Release */,
			);
			defaultConfigurationIsVisible = 0;
			defaultConfigurationName = Release;
		};
		95AE25B91F9531E20067F5F5 /* Build configuration list for PBXNativeTarget "Cineaste" */ = {
			isa = XCConfigurationList;
			buildConfigurations = (
				95AE25BA1F9531E20067F5F5 /* Debug */,
				95AE25BB1F9531E20067F5F5 /* Release */,
			);
			defaultConfigurationIsVisible = 0;
			defaultConfigurationName = Release;
		};
		95AE25BC1F9531E20067F5F5 /* Build configuration list for PBXNativeTarget "CineasteTests" */ = {
			isa = XCConfigurationList;
			buildConfigurations = (
				95AE25BD1F9531E20067F5F5 /* Debug */,
				95AE25BE1F9531E20067F5F5 /* Release */,
			);
			defaultConfigurationIsVisible = 0;
			defaultConfigurationName = Release;
		};
/* End XCConfigurationList section */

/* Begin XCVersionGroup section */
		95DC32031F97E1300014E3EA /* Model.xcdatamodeld */ = {
			isa = XCVersionGroup;
			children = (
				95DC32041F97E1300014E3EA /* Movie.xcdatamodel */,
			);
			currentVersion = 95DC32041F97E1300014E3EA /* Movie.xcdatamodel */;
			path = Model.xcdatamodeld;
			sourceTree = "<group>";
			versionGroupType = wrapper.xcdatamodel;
		};
/* End XCVersionGroup section */
	};
	rootObject = 95AE25941F9531E20067F5F5 /* Project object */;
}
