// !$*UTF8*$!
{
	archiveVersion = 1;
	classes = {
	};
	objectVersion = 48;
	objects = {

/* Begin PBXBuildFile section */
		95AE25A01F9531E20067F5F5 /* AppDelegate.swift in Sources */ = {isa = PBXBuildFile; fileRef = 95AE259F1F9531E20067F5F5 /* AppDelegate.swift */; };
		95AE25A21F9531E20067F5F5 /* ViewController.swift in Sources */ = {isa = PBXBuildFile; fileRef = 95AE25A11F9531E20067F5F5 /* ViewController.swift */; };
		95AE25A51F9531E20067F5F5 /* Main.storyboard in Resources */ = {isa = PBXBuildFile; fileRef = 95AE25A31F9531E20067F5F5 /* Main.storyboard */; };
		95AE25A71F9531E20067F5F5 /* Assets.xcassets in Resources */ = {isa = PBXBuildFile; fileRef = 95AE25A61F9531E20067F5F5 /* Assets.xcassets */; };
		95AE25AA1F9531E20067F5F5 /* LaunchScreen.storyboard in Resources */ = {isa = PBXBuildFile; fileRef = 95AE25A81F9531E20067F5F5 /* LaunchScreen.storyboard */; };
		95AE25B51F9531E20067F5F5 /* CineasteTests.swift in Sources */ = {isa = PBXBuildFile; fileRef = 95AE25B41F9531E20067F5F5 /* CineasteTests.swift */; };
		95D32F611F9AA20100497ED2 /* apikey.plist in Resources */ = {isa = PBXBuildFile; fileRef = 95D32F601F9AA20100497ED2 /* apikey.plist */; };
		95D32F641F9AA2EA00497ED2 /* ApiKeyStore.swift in Sources */ = {isa = PBXBuildFile; fileRef = 95D32F631F9AA2EA00497ED2 /* ApiKeyStore.swift */; };
		95DC32051F97E1300014E3EA /* Movie.xcdatamodeld in Sources */ = {isa = PBXBuildFile; fileRef = 95DC32031F97E1300014E3EA /* Movie.xcdatamodeld */; };
		95DC320D1F97E5150014E3EA /* Movie.swift in Sources */ = {isa = PBXBuildFile; fileRef = 95DC320C1F97E5150014E3EA /* Movie.swift */; };
		95DC320F1F97E9530014E3EA /* Managed.swift in Sources */ = {isa = PBXBuildFile; fileRef = 95DC320E1F97E9530014E3EA /* Managed.swift */; };
		95EFA4AE1FA13878004F1F94 /* Webservice.swift in Sources */ = {isa = PBXBuildFile; fileRef = 95EFA4AD1FA13878004F1F94 /* Webservice.swift */; };
		95EFA4B01FA13AAA004F1F94 /* Resource.swift in Sources */ = {isa = PBXBuildFile; fileRef = 95EFA4AF1FA13AAA004F1F94 /* Resource.swift */; };
		95F0DBC91F9D2CF9004681C7 /* PagedMovieResult.swift in Sources */ = {isa = PBXBuildFile; fileRef = 95F0DBC81F9D2CF9004681C7 /* PagedMovieResult.swift */; };
/* End PBXBuildFile section */

/* Begin PBXContainerItemProxy section */
		95AE25B11F9531E20067F5F5 /* PBXContainerItemProxy */ = {
			isa = PBXContainerItemProxy;
			containerPortal = 95AE25941F9531E20067F5F5 /* Project object */;
			proxyType = 1;
			remoteGlobalIDString = 95AE259B1F9531E20067F5F5;
			remoteInfo = Cineaste;
		};
/* End PBXContainerItemProxy section */

/* Begin PBXFileReference section */
		95AE259C1F9531E20067F5F5 /* Cineaste.app */ = {isa = PBXFileReference; explicitFileType = wrapper.application; includeInIndex = 0; path = Cineaste.app; sourceTree = BUILT_PRODUCTS_DIR; };
		95AE259F1F9531E20067F5F5 /* AppDelegate.swift */ = {isa = PBXFileReference; lastKnownFileType = sourcecode.swift; path = AppDelegate.swift; sourceTree = "<group>"; };
		95AE25A11F9531E20067F5F5 /* ViewController.swift */ = {isa = PBXFileReference; lastKnownFileType = sourcecode.swift; path = ViewController.swift; sourceTree = "<group>"; };
		95AE25A41F9531E20067F5F5 /* Base */ = {isa = PBXFileReference; lastKnownFileType = file.storyboard; name = Base; path = Base.lproj/Main.storyboard; sourceTree = "<group>"; };
		95AE25A61F9531E20067F5F5 /* Assets.xcassets */ = {isa = PBXFileReference; lastKnownFileType = folder.assetcatalog; path = Assets.xcassets; sourceTree = "<group>"; };
		95AE25A91F9531E20067F5F5 /* Base */ = {isa = PBXFileReference; lastKnownFileType = file.storyboard; name = Base; path = Base.lproj/LaunchScreen.storyboard; sourceTree = "<group>"; };
		95AE25AB1F9531E20067F5F5 /* Info.plist */ = {isa = PBXFileReference; lastKnownFileType = text.plist.xml; path = Info.plist; sourceTree = "<group>"; };
		95AE25B01F9531E20067F5F5 /* CineasteTests.xctest */ = {isa = PBXFileReference; explicitFileType = wrapper.cfbundle; includeInIndex = 0; path = CineasteTests.xctest; sourceTree = BUILT_PRODUCTS_DIR; };
		95AE25B41F9531E20067F5F5 /* CineasteTests.swift */ = {isa = PBXFileReference; lastKnownFileType = sourcecode.swift; path = CineasteTests.swift; sourceTree = "<group>"; };
		95AE25B61F9531E20067F5F5 /* Info.plist */ = {isa = PBXFileReference; lastKnownFileType = text.plist.xml; path = Info.plist; sourceTree = "<group>"; };
		95D32F601F9AA20100497ED2 /* apikey.plist */ = {isa = PBXFileReference; lastKnownFileType = text.plist.xml; path = apikey.plist; sourceTree = "<group>"; };
		95D32F631F9AA2EA00497ED2 /* ApiKeyStore.swift */ = {isa = PBXFileReference; lastKnownFileType = sourcecode.swift; path = ApiKeyStore.swift; sourceTree = "<group>"; };
		95DC32041F97E1300014E3EA /* Movie.xcdatamodel */ = {isa = PBXFileReference; lastKnownFileType = wrapper.xcdatamodel; path = Movie.xcdatamodel; sourceTree = "<group>"; };
		95DC320C1F97E5150014E3EA /* Movie.swift */ = {isa = PBXFileReference; lastKnownFileType = sourcecode.swift; path = Movie.swift; sourceTree = "<group>"; };
		95DC320E1F97E9530014E3EA /* Managed.swift */ = {isa = PBXFileReference; lastKnownFileType = sourcecode.swift; path = Managed.swift; sourceTree = "<group>"; };
		95EFA4AD1FA13878004F1F94 /* Webservice.swift */ = {isa = PBXFileReference; lastKnownFileType = sourcecode.swift; path = Webservice.swift; sourceTree = "<group>"; };
		95EFA4AF1FA13AAA004F1F94 /* Resource.swift */ = {isa = PBXFileReference; lastKnownFileType = sourcecode.swift; path = Resource.swift; sourceTree = "<group>"; };
		95F0DBC81F9D2CF9004681C7 /* PagedMovieResult.swift */ = {isa = PBXFileReference; lastKnownFileType = sourcecode.swift; path = PagedMovieResult.swift; sourceTree = "<group>"; };
/* End PBXFileReference section */

/* Begin PBXFrameworksBuildPhase section */
		95AE25991F9531E20067F5F5 /* Frameworks */ = {
			isa = PBXFrameworksBuildPhase;
			buildActionMask = 2147483647;
			files = (
			);
			runOnlyForDeploymentPostprocessing = 0;
		};
		95AE25AD1F9531E20067F5F5 /* Frameworks */ = {
			isa = PBXFrameworksBuildPhase;
			buildActionMask = 2147483647;
			files = (
			);
			runOnlyForDeploymentPostprocessing = 0;
		};
/* End PBXFrameworksBuildPhase section */

/* Begin PBXGroup section */
		95AE25931F9531E20067F5F5 = {
			isa = PBXGroup;
			children = (
				95AE259E1F9531E20067F5F5 /* Cineaste */,
				95AE25B31F9531E20067F5F5 /* CineasteTests */,
				95AE259D1F9531E20067F5F5 /* Products */,
			);
			sourceTree = "<group>";
		};
		95AE259D1F9531E20067F5F5 /* Products */ = {
			isa = PBXGroup;
			children = (
				95AE259C1F9531E20067F5F5 /* Cineaste.app */,
				95AE25B01F9531E20067F5F5 /* CineasteTests.xctest */,
			);
			name = Products;
			sourceTree = "<group>";
		};
		95AE259E1F9531E20067F5F5 /* Cineaste */ = {
			isa = PBXGroup;
			children = (
				95D32F621F9AA2D100497ED2 /* Utils */,
				95DC32021F97E0FB0014E3EA /* Networking */,
				95DC32011F97E0EF0014E3EA /* Models */,
				95DC32001F97E0E20014E3EA /* Storyboards */,
				95DC31FF1F97E0D80014E3EA /* ViewController */,
				95AE259F1F9531E20067F5F5 /* AppDelegate.swift */,
				95AE25A61F9531E20067F5F5 /* Assets.xcassets */,
				95AE25AB1F9531E20067F5F5 /* Info.plist */,
				95DC32031F97E1300014E3EA /* Movie.xcdatamodeld */,
				95D32F601F9AA20100497ED2 /* apikey.plist */,
			);
			path = Cineaste;
			sourceTree = "<group>";
		};
		95AE25B31F9531E20067F5F5 /* CineasteTests */ = {
			isa = PBXGroup;
			children = (
				95AE25B41F9531E20067F5F5 /* CineasteTests.swift */,
				95AE25B61F9531E20067F5F5 /* Info.plist */,
			);
			path = CineasteTests;
			sourceTree = "<group>";
		};
		95D32F621F9AA2D100497ED2 /* Utils */ = {
			isa = PBXGroup;
			children = (
				95D32F631F9AA2EA00497ED2 /* ApiKeyStore.swift */,
			);
			path = Utils;
			sourceTree = "<group>";
		};
		95DC31FF1F97E0D80014E3EA /* ViewController */ = {
			isa = PBXGroup;
			children = (
				95AE25A11F9531E20067F5F5 /* ViewController.swift */,
			);
			path = ViewController;
			sourceTree = "<group>";
		};
		95DC32001F97E0E20014E3EA /* Storyboards */ = {
			isa = PBXGroup;
			children = (
				95AE25A31F9531E20067F5F5 /* Main.storyboard */,
				95AE25A81F9531E20067F5F5 /* LaunchScreen.storyboard */,
			);
			path = Storyboards;
			sourceTree = "<group>";
		};
		95DC32011F97E0EF0014E3EA /* Models */ = {
			isa = PBXGroup;
			children = (
				95DC320C1F97E5150014E3EA /* Movie.swift */,
				95DC320E1F97E9530014E3EA /* Managed.swift */,
				95F0DBC81F9D2CF9004681C7 /* PagedMovieResult.swift */,
			);
			path = Models;
			sourceTree = "<group>";
		};
		95DC32021F97E0FB0014E3EA /* Networking */ = {
			isa = PBXGroup;
			children = (
				95EFA4AD1FA13878004F1F94 /* Webservice.swift */,
				95EFA4AF1FA13AAA004F1F94 /* Resource.swift */,
			);
			path = Networking;
			sourceTree = "<group>";
		};
/* End PBXGroup section */

/* Begin PBXNativeTarget section */
		95AE259B1F9531E20067F5F5 /* Cineaste */ = {
			isa = PBXNativeTarget;
			buildConfigurationList = 95AE25B91F9531E20067F5F5 /* Build configuration list for PBXNativeTarget "Cineaste" */;
			buildPhases = (
				95AE25981F9531E20067F5F5 /* Sources */,
				95AE25991F9531E20067F5F5 /* Frameworks */,
				95AE259A1F9531E20067F5F5 /* Resources */,
			);
			buildRules = (
			);
			dependencies = (
			);
			name = Cineaste;
			productName = Cineaste;
			productReference = 95AE259C1F9531E20067F5F5 /* Cineaste.app */;
			productType = "com.apple.product-type.application";
		};
		95AE25AF1F9531E20067F5F5 /* CineasteTests */ = {
			isa = PBXNativeTarget;
			buildConfigurationList = 95AE25BC1F9531E20067F5F5 /* Build configuration list for PBXNativeTarget "CineasteTests" */;
			buildPhases = (
				95AE25AC1F9531E20067F5F5 /* Sources */,
				95AE25AD1F9531E20067F5F5 /* Frameworks */,
				95AE25AE1F9531E20067F5F5 /* Resources */,
			);
			buildRules = (
			);
			dependencies = (
				95AE25B21F9531E20067F5F5 /* PBXTargetDependency */,
			);
			name = CineasteTests;
			productName = CineasteTests;
			productReference = 95AE25B01F9531E20067F5F5 /* CineasteTests.xctest */;
			productType = "com.apple.product-type.bundle.unit-test";
		};
/* End PBXNativeTarget section */

/* Begin PBXProject section */
		95AE25941F9531E20067F5F5 /* Project object */ = {
			isa = PBXProject;
			attributes = {
				LastSwiftUpdateCheck = 0900;
				LastUpgradeCheck = 0900;
				ORGANIZATIONNAME = notimeforthat.org;
				TargetAttributes = {
					95AE259B1F9531E20067F5F5 = {
						CreatedOnToolsVersion = 9.0;
						ProvisioningStyle = Automatic;
					};
					95AE25AF1F9531E20067F5F5 = {
						CreatedOnToolsVersion = 9.0;
						ProvisioningStyle = Automatic;
						TestTargetID = 95AE259B1F9531E20067F5F5;
					};
				};
			};
			buildConfigurationList = 95AE25971F9531E20067F5F5 /* Build configuration list for PBXProject "Cineaste" */;
			compatibilityVersion = "Xcode 8.0";
			developmentRegion = en;
			hasScannedForEncodings = 0;
			knownRegions = (
				en,
				Base,
			);
			mainGroup = 95AE25931F9531E20067F5F5;
			productRefGroup = 95AE259D1F9531E20067F5F5 /* Products */;
			projectDirPath = "";
			projectRoot = "";
			targets = (
				95AE259B1F9531E20067F5F5 /* Cineaste */,
				95AE25AF1F9531E20067F5F5 /* CineasteTests */,
			);
		};
/* End PBXProject section */

/* Begin PBXResourcesBuildPhase section */
		95AE259A1F9531E20067F5F5 /* Resources */ = {
			isa = PBXResourcesBuildPhase;
			buildActionMask = 2147483647;
			files = (
				95AE25AA1F9531E20067F5F5 /* LaunchScreen.storyboard in Resources */,
				95D32F611F9AA20100497ED2 /* apikey.plist in Resources */,
				95AE25A71F9531E20067F5F5 /* Assets.xcassets in Resources */,
				95AE25A51F9531E20067F5F5 /* Main.storyboard in Resources */,
			);
			runOnlyForDeploymentPostprocessing = 0;
		};
		95AE25AE1F9531E20067F5F5 /* Resources */ = {
			isa = PBXResourcesBuildPhase;
			buildActionMask = 2147483647;
			files = (
			);
			runOnlyForDeploymentPostprocessing = 0;
		};
/* End PBXResourcesBuildPhase section */

/* Begin PBXSourcesBuildPhase section */
		95AE25981F9531E20067F5F5 /* Sources */ = {
			isa = PBXSourcesBuildPhase;
			buildActionMask = 2147483647;
			files = (
				95AE25A21F9531E20067F5F5 /* ViewController.swift in Sources */,
				95F0DBC91F9D2CF9004681C7 /* PagedMovieResult.swift in Sources */,
				95EFA4B01FA13AAA004F1F94 /* Resource.swift in Sources */,
				95D32F641F9AA2EA00497ED2 /* ApiKeyStore.swift in Sources */,
				95DC32051F97E1300014E3EA /* Movie.xcdatamodeld in Sources */,
				95DC320D1F97E5150014E3EA /* Movie.swift in Sources */,
				95AE25A01F9531E20067F5F5 /* AppDelegate.swift in Sources */,
				95DC320F1F97E9530014E3EA /* Managed.swift in Sources */,
				95EFA4AE1FA13878004F1F94 /* Webservice.swift in Sources */,
			);
			runOnlyForDeploymentPostprocessing = 0;
		};
		95AE25AC1F9531E20067F5F5 /* Sources */ = {
			isa = PBXSourcesBuildPhase;
			buildActionMask = 2147483647;
			files = (
				95AE25B51F9531E20067F5F5 /* CineasteTests.swift in Sources */,
			);
			runOnlyForDeploymentPostprocessing = 0;
		};
/* End PBXSourcesBuildPhase section */

/* Begin PBXTargetDependency section */
		95AE25B21F9531E20067F5F5 /* PBXTargetDependency */ = {
			isa = PBXTargetDependency;
			target = 95AE259B1F9531E20067F5F5 /* Cineaste */;
			targetProxy = 95AE25B11F9531E20067F5F5 /* PBXContainerItemProxy */;
		};
/* End PBXTargetDependency section */

/* Begin PBXVariantGroup section */
		95AE25A31F9531E20067F5F5 /* Main.storyboard */ = {
			isa = PBXVariantGroup;
			children = (
				95AE25A41F9531E20067F5F5 /* Base */,
			);
			name = Main.storyboard;
			sourceTree = "<group>";
		};
		95AE25A81F9531E20067F5F5 /* LaunchScreen.storyboard */ = {
			isa = PBXVariantGroup;
			children = (
				95AE25A91F9531E20067F5F5 /* Base */,
			);
			name = LaunchScreen.storyboard;
			sourceTree = "<group>";
		};
/* End PBXVariantGroup section */

/* Begin XCBuildConfiguration section */
		95AE25B71F9531E20067F5F5 /* Debug */ = {
			isa = XCBuildConfiguration;
			buildSettings = {
				ALWAYS_SEARCH_USER_PATHS = NO;
				CLANG_ANALYZER_NONNULL = YES;
				CLANG_ANALYZER_NUMBER_OBJECT_CONVERSION = YES_AGGRESSIVE;
				CLANG_CXX_LANGUAGE_STANDARD = "gnu++14";
				CLANG_CXX_LIBRARY = "libc++";
				CLANG_ENABLE_MODULES = YES;
				CLANG_ENABLE_OBJC_ARC = YES;
				CLANG_WARN_BLOCK_CAPTURE_AUTORELEASING = YES;
				CLANG_WARN_BOOL_CONVERSION = YES;
				CLANG_WARN_COMMA = YES;
				CLANG_WARN_CONSTANT_CONVERSION = YES;
				CLANG_WARN_DIRECT_OBJC_ISA_USAGE = YES_ERROR;
				CLANG_WARN_DOCUMENTATION_COMMENTS = YES;
				CLANG_WARN_EMPTY_BODY = YES;
				CLANG_WARN_ENUM_CONVERSION = YES;
				CLANG_WARN_INFINITE_RECURSION = YES;
				CLANG_WARN_INT_CONVERSION = YES;
				CLANG_WARN_NON_LITERAL_NULL_CONVERSION = YES;
				CLANG_WARN_OBJC_LITERAL_CONVERSION = YES;
				CLANG_WARN_OBJC_ROOT_CLASS = YES_ERROR;
				CLANG_WARN_RANGE_LOOP_ANALYSIS = YES;
				CLANG_WARN_STRICT_PROTOTYPES = YES;
				CLANG_WARN_SUSPICIOUS_MOVE = YES;
				CLANG_WARN_UNGUARDED_AVAILABILITY = YES_AGGRESSIVE;
				CLANG_WARN_UNREACHABLE_CODE = YES;
				CLANG_WARN__DUPLICATE_METHOD_MATCH = YES;
				CODE_SIGN_IDENTITY = "iPhone Developer";
				COPY_PHASE_STRIP = NO;
				DEBUG_INFORMATION_FORMAT = dwarf;
				ENABLE_STRICT_OBJC_MSGSEND = YES;
				ENABLE_TESTABILITY = YES;
				GCC_C_LANGUAGE_STANDARD = gnu11;
				GCC_DYNAMIC_NO_PIC = NO;
				GCC_NO_COMMON_BLOCKS = YES;
				GCC_OPTIMIZATION_LEVEL = 0;
				GCC_PREPROCESSOR_DEFINITIONS = (
					"DEBUG=1",
					"$(inherited)",
				);
				GCC_WARN_64_TO_32_BIT_CONVERSION = YES;
				GCC_WARN_ABOUT_RETURN_TYPE = YES_ERROR;
				GCC_WARN_UNDECLARED_SELECTOR = YES;
				GCC_WARN_UNINITIALIZED_AUTOS = YES_AGGRESSIVE;
				GCC_WARN_UNUSED_FUNCTION = YES;
				GCC_WARN_UNUSED_VARIABLE = YES;
				IPHONEOS_DEPLOYMENT_TARGET = 11.0;
				MTL_ENABLE_DEBUG_INFO = YES;
				ONLY_ACTIVE_ARCH = YES;
				SDKROOT = iphoneos;
				SWIFT_ACTIVE_COMPILATION_CONDITIONS = DEBUG;
				SWIFT_OPTIMIZATION_LEVEL = "-Onone";
			};
			name = Debug;
		};
		95AE25B81F9531E20067F5F5 /* Release */ = {
			isa = XCBuildConfiguration;
			buildSettings = {
				ALWAYS_SEARCH_USER_PATHS = NO;
				CLANG_ANALYZER_NONNULL = YES;
				CLANG_ANALYZER_NUMBER_OBJECT_CONVERSION = YES_AGGRESSIVE;
				CLANG_CXX_LANGUAGE_STANDARD = "gnu++14";
				CLANG_CXX_LIBRARY = "libc++";
				CLANG_ENABLE_MODULES = YES;
				CLANG_ENABLE_OBJC_ARC = YES;
				CLANG_WARN_BLOCK_CAPTURE_AUTORELEASING = YES;
				CLANG_WARN_BOOL_CONVERSION = YES;
				CLANG_WARN_COMMA = YES;
				CLANG_WARN_CONSTANT_CONVERSION = YES;
				CLANG_WARN_DIRECT_OBJC_ISA_USAGE = YES_ERROR;
				CLANG_WARN_DOCUMENTATION_COMMENTS = YES;
				CLANG_WARN_EMPTY_BODY = YES;
				CLANG_WARN_ENUM_CONVERSION = YES;
				CLANG_WARN_INFINITE_RECURSION = YES;
				CLANG_WARN_INT_CONVERSION = YES;
				CLANG_WARN_NON_LITERAL_NULL_CONVERSION = YES;
				CLANG_WARN_OBJC_LITERAL_CONVERSION = YES;
				CLANG_WARN_OBJC_ROOT_CLASS = YES_ERROR;
				CLANG_WARN_RANGE_LOOP_ANALYSIS = YES;
				CLANG_WARN_STRICT_PROTOTYPES = YES;
				CLANG_WARN_SUSPICIOUS_MOVE = YES;
				CLANG_WARN_UNGUARDED_AVAILABILITY = YES_AGGRESSIVE;
				CLANG_WARN_UNREACHABLE_CODE = YES;
				CLANG_WARN__DUPLICATE_METHOD_MATCH = YES;
				CODE_SIGN_IDENTITY = "iPhone Developer";
				COPY_PHASE_STRIP = NO;
				DEBUG_INFORMATION_FORMAT = "dwarf-with-dsym";
				ENABLE_NS_ASSERTIONS = NO;
				ENABLE_STRICT_OBJC_MSGSEND = YES;
				GCC_C_LANGUAGE_STANDARD = gnu11;
				GCC_NO_COMMON_BLOCKS = YES;
				GCC_WARN_64_TO_32_BIT_CONVERSION = YES;
				GCC_WARN_ABOUT_RETURN_TYPE = YES_ERROR;
				GCC_WARN_UNDECLARED_SELECTOR = YES;
				GCC_WARN_UNINITIALIZED_AUTOS = YES_AGGRESSIVE;
				GCC_WARN_UNUSED_FUNCTION = YES;
				GCC_WARN_UNUSED_VARIABLE = YES;
				IPHONEOS_DEPLOYMENT_TARGET = 11.0;
				MTL_ENABLE_DEBUG_INFO = NO;
				SDKROOT = iphoneos;
				SWIFT_OPTIMIZATION_LEVEL = "-Owholemodule";
				VALIDATE_PRODUCT = YES;
			};
			name = Release;
		};
		95AE25BA1F9531E20067F5F5 /* Debug */ = {
			isa = XCBuildConfiguration;
			buildSettings = {
				ASSETCATALOG_COMPILER_APPICON_NAME = AppIcon;
				CODE_SIGN_STYLE = Automatic;
				DEVELOPMENT_TEAM = 8SM483N5JS;
				INFOPLIST_FILE = Cineaste/Info.plist;
				LD_RUNPATH_SEARCH_PATHS = "$(inherited) @executable_path/Frameworks";
				PRODUCT_BUNDLE_IDENTIFIER = com.notimeforthat.Cineaste;
				PRODUCT_NAME = "$(TARGET_NAME)";
				SWIFT_VERSION = 4.0;
				TARGETED_DEVICE_FAMILY = "1,2";
			};
			name = Debug;
		};
		95AE25BB1F9531E20067F5F5 /* Release */ = {
			isa = XCBuildConfiguration;
			buildSettings = {
				ASSETCATALOG_COMPILER_APPICON_NAME = AppIcon;
				CODE_SIGN_STYLE = Automatic;
				DEVELOPMENT_TEAM = 8SM483N5JS;
				INFOPLIST_FILE = Cineaste/Info.plist;
				LD_RUNPATH_SEARCH_PATHS = "$(inherited) @executable_path/Frameworks";
				PRODUCT_BUNDLE_IDENTIFIER = com.notimeforthat.Cineaste;
				PRODUCT_NAME = "$(TARGET_NAME)";
				SWIFT_VERSION = 4.0;
				TARGETED_DEVICE_FAMILY = "1,2";
			};
			name = Release;
		};
		95AE25BD1F9531E20067F5F5 /* Debug */ = {
			isa = XCBuildConfiguration;
			buildSettings = {
				ALWAYS_EMBED_SWIFT_STANDARD_LIBRARIES = YES;
				BUNDLE_LOADER = "$(TEST_HOST)";
				CODE_SIGN_STYLE = Automatic;
				DEVELOPMENT_TEAM = 8SM483N5JS;
				INFOPLIST_FILE = CineasteTests/Info.plist;
				LD_RUNPATH_SEARCH_PATHS = "$(inherited) @executable_path/Frameworks @loader_path/Frameworks";
				PRODUCT_BUNDLE_IDENTIFIER = com.notimeforthat.CineasteTests;
				PRODUCT_NAME = "$(TARGET_NAME)";
				SWIFT_VERSION = 4.0;
				TARGETED_DEVICE_FAMILY = "1,2";
				TEST_HOST = "$(BUILT_PRODUCTS_DIR)/Cineaste.app/Cineaste";
			};
			name = Debug;
		};
		95AE25BE1F9531E20067F5F5 /* Release */ = {
			isa = XCBuildConfiguration;
			buildSettings = {
				ALWAYS_EMBED_SWIFT_STANDARD_LIBRARIES = YES;
				BUNDLE_LOADER = "$(TEST_HOST)";
				CODE_SIGN_STYLE = Automatic;
				DEVELOPMENT_TEAM = 8SM483N5JS;
				INFOPLIST_FILE = CineasteTests/Info.plist;
				LD_RUNPATH_SEARCH_PATHS = "$(inherited) @executable_path/Frameworks @loader_path/Frameworks";
				PRODUCT_BUNDLE_IDENTIFIER = com.notimeforthat.CineasteTests;
				PRODUCT_NAME = "$(TARGET_NAME)";
				SWIFT_VERSION = 4.0;
				TARGETED_DEVICE_FAMILY = "1,2";
				TEST_HOST = "$(BUILT_PRODUCTS_DIR)/Cineaste.app/Cineaste";
			};
			name = Release;
		};
/* End XCBuildConfiguration section */

/* Begin XCConfigurationList section */
		95AE25971F9531E20067F5F5 /* Build configuration list for PBXProject "Cineaste" */ = {
			isa = XCConfigurationList;
			buildConfigurations = (
				95AE25B71F9531E20067F5F5 /* Debug */,
				95AE25B81F9531E20067F5F5 /* Release */,
			);
			defaultConfigurationIsVisible = 0;
			defaultConfigurationName = Release;
		};
		95AE25B91F9531E20067F5F5 /* Build configuration list for PBXNativeTarget "Cineaste" */ = {
			isa = XCConfigurationList;
			buildConfigurations = (
				95AE25BA1F9531E20067F5F5 /* Debug */,
				95AE25BB1F9531E20067F5F5 /* Release */,
			);
			defaultConfigurationIsVisible = 0;
			defaultConfigurationName = Release;
		};
		95AE25BC1F9531E20067F5F5 /* Build configuration list for PBXNativeTarget "CineasteTests" */ = {
			isa = XCConfigurationList;
			buildConfigurations = (
				95AE25BD1F9531E20067F5F5 /* Debug */,
				95AE25BE1F9531E20067F5F5 /* Release */,
			);
			defaultConfigurationIsVisible = 0;
			defaultConfigurationName = Release;
		};
/* End XCConfigurationList section */

/* Begin XCVersionGroup section */
		95DC32031F97E1300014E3EA /* Movie.xcdatamodeld */ = {
			isa = XCVersionGroup;
			children = (
				95DC32041F97E1300014E3EA /* Movie.xcdatamodel */,
			);
			currentVersion = 95DC32041F97E1300014E3EA /* Movie.xcdatamodel */;
			path = Movie.xcdatamodeld;
			sourceTree = "<group>";
			versionGroupType = wrapper.xcdatamodel;
		};
/* End XCVersionGroup section */
	};
	rootObject = 95AE25941F9531E20067F5F5 /* Project object */;
}
