{
  "object": {
    "pins": [
      {
        "package": "Kingfisher",
        "repositoryURL": "https://github.com/onevcat/Kingfisher.git",
        "state": {
          "branch": null,
          "revision": "2a10bf41da75599a9f8e872dbd44fe0155a2e00c",
          "version": "5.15.8"
        }
      },
      {
        "package": "ReSwift",
        "repositoryURL": "https://github.com/ReSwift/ReSwift.git",
        "state": {
          "branch": null,
          "revision": "b92762b5aa85c5e94053d942fbd37124ee939e5b",
          "version": "5.0.0"
        }
      },
      {
        "package": "ReSwift-Thunk",
        "repositoryURL": "https://github.com/ReSwift/ReSwift-Thunk.git",
        "state": {
          "branch": null,
          "revision": "52152497d43270f3914edfde59e9f43c8c996f6b",
          "version": "1.2.0"
        }
      },
      {
        "package": "SnapshotTesting",
        "repositoryURL": "https://github.com/pointfreeco/swift-snapshot-testing.git",
        "state": {
          "branch": null,
          "revision": "2fd91357e90efe82bfa6845d1e7d5bc2f5025d35",
          "version": "1.8.1"
        }
      }
    ]
  },
  "version": 1
}
